// !$*UTF8*$!
{
	archiveVersion = 1;
	classes = {
	};
	objectVersion = 52;
	objects = {

/* Begin PBXBuildFile section */
		24347E856DDF698E826216F1 /* Pods_RoadBuddy.framework in Frameworks */ = {isa = PBXBuildFile; fileRef = BD4FE229515EAE9346E4B422 /* Pods_RoadBuddy.framework */; };
		804AF856279EB80F00315A82 /* TaxiResultViewController.swift in Sources */ = {isa = PBXBuildFile; fileRef = 804AF855279EB80F00315A82 /* TaxiResultViewController.swift */; };
		804AF861279EBCC200315A82 /* TaxiTableViewCell.swift in Sources */ = {isa = PBXBuildFile; fileRef = 804AF85F279EBCC200315A82 /* TaxiTableViewCell.swift */; };
		804AF862279EBCC300315A82 /* TaxiTableViewCell.xib in Resources */ = {isa = PBXBuildFile; fileRef = 804AF860279EBCC200315A82 /* TaxiTableViewCell.xib */; };
		804B3AAB27B54EAF0041A7DC /* SearchFromViewController.swift in Sources */ = {isa = PBXBuildFile; fileRef = 804B3AAA27B54EAF0041A7DC /* SearchFromViewController.swift */; };
		804B3AAD27B64C9D0041A7DC /* SearchToViewController.swift in Sources */ = {isa = PBXBuildFile; fileRef = 804B3AAC27B64C9D0041A7DC /* SearchToViewController.swift */; };
		804B3AAF27B66F320041A7DC /* SearchTimeViewController.swift in Sources */ = {isa = PBXBuildFile; fileRef = 804B3AAE27B66F320041A7DC /* SearchTimeViewController.swift */; };
		805A7B4E27B26DCE00DDB80A /* FirstViewController.swift in Sources */ = {isa = PBXBuildFile; fileRef = 805A7B4D27B26DCC00DDB80A /* FirstViewController.swift */; };
		8073AA1F2773DC88007457FD /* ResultsNavigationController.swift in Sources */ = {isa = PBXBuildFile; fileRef = 8073AA1E2773DC88007457FD /* ResultsNavigationController.swift */; };
		8073AA222775CCCD007457FD /* SkeletonView in Frameworks */ = {isa = PBXBuildFile; productRef = 8073AA212775CCCD007457FD /* SkeletonView */; };
		8075BAC327A3F1B70064CCB7 /* InboxViewController.swift in Sources */ = {isa = PBXBuildFile; fileRef = 8075BAC227A3F1B70064CCB7 /* InboxViewController.swift */; };
		8075BAC627A3F4B70064CCB7 /* MessageTableViewCell.swift in Sources */ = {isa = PBXBuildFile; fileRef = 8075BAC427A3F4B70064CCB7 /* MessageTableViewCell.swift */; };
		8075BAC727A3F4B70064CCB7 /* MessageTableViewCell.xib in Resources */ = {isa = PBXBuildFile; fileRef = 8075BAC527A3F4B70064CCB7 /* MessageTableViewCell.xib */; };
		8075BACD27A6EE140064CCB7 /* MessageKit in Frameworks */ = {isa = PBXBuildFile; productRef = 8075BACC27A6EE140064CCB7 /* MessageKit */; };
		8075BAD027A6EE9A0064CCB7 /* JGProgressHUD in Frameworks */ = {isa = PBXBuildFile; productRef = 8075BACF27A6EE9A0064CCB7 /* JGProgressHUD */; };
		8075BAD327A6EF020064CCB7 /* SDWebImage in Frameworks */ = {isa = PBXBuildFile; productRef = 8075BAD227A6EF020064CCB7 /* SDWebImage */; };
		8075BAD527A6EF020064CCB7 /* SDWebImageMapKit in Frameworks */ = {isa = PBXBuildFile; productRef = 8075BAD427A6EF020064CCB7 /* SDWebImageMapKit */; };
		8075BAD727A6F7E10064CCB7 /* ChatViewController.swift in Sources */ = {isa = PBXBuildFile; fileRef = 8075BAD627A6F7E00064CCB7 /* ChatViewController.swift */; };
		8075BADD27A7EBA30064CCB7 /* Registration.storyboard in Resources */ = {isa = PBXBuildFile; fileRef = 8075BADC27A7EBA30064CCB7 /* Registration.storyboard */; };
		8076F138275AAF2D00BC6EB2 /* FirebaseAnalytics in Frameworks */ = {isa = PBXBuildFile; productRef = 8076F137275AAF2D00BC6EB2 /* FirebaseAnalytics */; };
		8076F13A275AAF2D00BC6EB2 /* FirebaseAnalyticsSwift-Beta in Frameworks */ = {isa = PBXBuildFile; productRef = 8076F139275AAF2D00BC6EB2 /* FirebaseAnalyticsSwift-Beta */; };
		8076F13C275AAF2D00BC6EB2 /* FirebaseAnalyticsWithoutAdIdSupport in Frameworks */ = {isa = PBXBuildFile; productRef = 8076F13B275AAF2D00BC6EB2 /* FirebaseAnalyticsWithoutAdIdSupport */; };
		8076F13E275AAF2D00BC6EB2 /* FirebaseAppCheck in Frameworks */ = {isa = PBXBuildFile; productRef = 8076F13D275AAF2D00BC6EB2 /* FirebaseAppCheck */; };
		8076F140275AAF2D00BC6EB2 /* FirebaseAppDistribution-Beta in Frameworks */ = {isa = PBXBuildFile; productRef = 8076F13F275AAF2D00BC6EB2 /* FirebaseAppDistribution-Beta */; };
		8076F142275AAF2D00BC6EB2 /* FirebaseAuth in Frameworks */ = {isa = PBXBuildFile; productRef = 8076F141275AAF2D00BC6EB2 /* FirebaseAuth */; };
		8076F144275AAF2D00BC6EB2 /* FirebaseAuthCombine-Community in Frameworks */ = {isa = PBXBuildFile; productRef = 8076F143275AAF2D00BC6EB2 /* FirebaseAuthCombine-Community */; };
		8076F146275AAF2D00BC6EB2 /* FirebaseCrashlytics in Frameworks */ = {isa = PBXBuildFile; productRef = 8076F145275AAF2D00BC6EB2 /* FirebaseCrashlytics */; };
		8076F148275AAF2D00BC6EB2 /* FirebaseDatabase in Frameworks */ = {isa = PBXBuildFile; productRef = 8076F147275AAF2D00BC6EB2 /* FirebaseDatabase */; };
		8076F14A275AAF2D00BC6EB2 /* FirebaseDatabaseSwift-Beta in Frameworks */ = {isa = PBXBuildFile; productRef = 8076F149275AAF2D00BC6EB2 /* FirebaseDatabaseSwift-Beta */; };
		8076F14C275AAF2D00BC6EB2 /* FirebaseDynamicLinks in Frameworks */ = {isa = PBXBuildFile; productRef = 8076F14B275AAF2D00BC6EB2 /* FirebaseDynamicLinks */; };
		8076F14E275AAF2D00BC6EB2 /* FirebaseFirestore in Frameworks */ = {isa = PBXBuildFile; productRef = 8076F14D275AAF2D00BC6EB2 /* FirebaseFirestore */; };
		8076F150275AAF2D00BC6EB2 /* FirebaseFirestoreCombine-Community in Frameworks */ = {isa = PBXBuildFile; productRef = 8076F14F275AAF2D00BC6EB2 /* FirebaseFirestoreCombine-Community */; };
		8076F152275AAF2D00BC6EB2 /* FirebaseFirestoreSwift-Beta in Frameworks */ = {isa = PBXBuildFile; productRef = 8076F151275AAF2D00BC6EB2 /* FirebaseFirestoreSwift-Beta */; };
		8076F154275AAF2D00BC6EB2 /* FirebaseFunctions in Frameworks */ = {isa = PBXBuildFile; productRef = 8076F153275AAF2D00BC6EB2 /* FirebaseFunctions */; };
		8076F156275AAF2D00BC6EB2 /* FirebaseFunctionsCombine-Community in Frameworks */ = {isa = PBXBuildFile; productRef = 8076F155275AAF2D00BC6EB2 /* FirebaseFunctionsCombine-Community */; };
		8076F158275AAF2E00BC6EB2 /* FirebaseInAppMessaging-Beta in Frameworks */ = {isa = PBXBuildFile; productRef = 8076F157275AAF2E00BC6EB2 /* FirebaseInAppMessaging-Beta */; };
		8076F15A275AAF2E00BC6EB2 /* FirebaseInAppMessagingSwift-Beta in Frameworks */ = {isa = PBXBuildFile; productRef = 8076F159275AAF2E00BC6EB2 /* FirebaseInAppMessagingSwift-Beta */; };
		8076F15C275AAF2E00BC6EB2 /* FirebaseInstallations in Frameworks */ = {isa = PBXBuildFile; productRef = 8076F15B275AAF2E00BC6EB2 /* FirebaseInstallations */; };
		8076F15E275AAF2E00BC6EB2 /* FirebaseMLModelDownloader in Frameworks */ = {isa = PBXBuildFile; productRef = 8076F15D275AAF2E00BC6EB2 /* FirebaseMLModelDownloader */; };
		8076F160275AAF2E00BC6EB2 /* FirebaseMessaging in Frameworks */ = {isa = PBXBuildFile; productRef = 8076F15F275AAF2E00BC6EB2 /* FirebaseMessaging */; };
		8076F162275AAF2E00BC6EB2 /* FirebasePerformance in Frameworks */ = {isa = PBXBuildFile; productRef = 8076F161275AAF2E00BC6EB2 /* FirebasePerformance */; };
		8076F164275AAF2E00BC6EB2 /* FirebaseRemoteConfig in Frameworks */ = {isa = PBXBuildFile; productRef = 8076F163275AAF2E00BC6EB2 /* FirebaseRemoteConfig */; };
		8076F166275AAF2E00BC6EB2 /* FirebaseStorage in Frameworks */ = {isa = PBXBuildFile; productRef = 8076F165275AAF2E00BC6EB2 /* FirebaseStorage */; };
		8076F168275AAF2E00BC6EB2 /* FirebaseStorageCombine-Community in Frameworks */ = {isa = PBXBuildFile; productRef = 8076F167275AAF2E00BC6EB2 /* FirebaseStorageCombine-Community */; };
		8076F16A275AAF2E00BC6EB2 /* FirebaseStorageSwift-Beta in Frameworks */ = {isa = PBXBuildFile; productRef = 8076F169275AAF2E00BC6EB2 /* FirebaseStorageSwift-Beta */; };
		8076F16C275ABE0500BC6EB2 /* GoogleService-Info.plist in Resources */ = {isa = PBXBuildFile; fileRef = 8076F16B275ABE0500BC6EB2 /* GoogleService-Info.plist */; };
		807E99482755643100EA88F0 /* STTimeViewController.swift in Sources */ = {isa = PBXBuildFile; fileRef = 807E99472755643100EA88F0 /* STTimeViewController.swift */; };
		807E9BC927074CE20008F523 /* ToViewController.swift in Sources */ = {isa = PBXBuildFile; fileRef = 807E9BC827074CE20008F523 /* ToViewController.swift */; };
		807E9BCB270769E30008F523 /* Utilities.swift in Sources */ = {isa = PBXBuildFile; fileRef = 807E9BCA270769E30008F523 /* Utilities.swift */; };
		807E9BCD27076DE90008F523 /* ResultsViewController.swift in Sources */ = {isa = PBXBuildFile; fileRef = 807E9BCC27076DE90008F523 /* ResultsViewController.swift */; };
		807F1F262700B892000C89CB /* Constants.swift in Sources */ = {isa = PBXBuildFile; fileRef = 807F1F252700B892000C89CB /* Constants.swift */; };
		807F1F3B2701E6AB000C89CB /* FromViewController.swift in Sources */ = {isa = PBXBuildFile; fileRef = 807F1F3A2701E6AB000C89CB /* FromViewController.swift */; };
		809B9C6A27B39B1E004EB9C4 /* .gitkeep in Resources */ = {isa = PBXBuildFile; fileRef = 809B9C5F27B39B1E004EB9C4 /* .gitkeep */; };
		809B9C6B27B39B1E004EB9C4 /* Directions.swift in Sources */ = {isa = PBXBuildFile; fileRef = 809B9C6127B39B1E004EB9C4 /* Directions.swift */; };
		809B9C6C27B39B1E004EB9C4 /* AnimationType.swift in Sources */ = {isa = PBXBuildFile; fileRef = 809B9C6227B39B1E004EB9C4 /* AnimationType.swift */; };
		809B9C6D27B39B1E004EB9C4 /* UITableView + ViewAnimator.swift in Sources */ = {isa = PBXBuildFile; fileRef = 809B9C6427B39B1E004EB9C4 /* UITableView + ViewAnimator.swift */; };
		809B9C6E27B39B1E004EB9C4 /* UICollectionView + ViewAnimator.swift in Sources */ = {isa = PBXBuildFile; fileRef = 809B9C6527B39B1E004EB9C4 /* UICollectionView + ViewAnimator.swift */; };
		809B9C6F27B39B1E004EB9C4 /* ViewAnimatorConfig.swift in Sources */ = {isa = PBXBuildFile; fileRef = 809B9C6627B39B1E004EB9C4 /* ViewAnimatorConfig.swift */; };
		809B9C7027B39B1E004EB9C4 /* ViewAnimator.swift in Sources */ = {isa = PBXBuildFile; fileRef = 809B9C6727B39B1E004EB9C4 /* ViewAnimator.swift */; };
		809B9C7127B39B1E004EB9C4 /* Animation.swift in Sources */ = {isa = PBXBuildFile; fileRef = 809B9C6927B39B1E004EB9C4 /* Animation.swift */; };
		809B9C7327B3A395004EB9C4 /* Requests.swift in Sources */ = {isa = PBXBuildFile; fileRef = 809B9C7227B3A395004EB9C4 /* Requests.swift */; };
		809F674227B937E400D67E56 /* SearchPassengerViewController.swift in Sources */ = {isa = PBXBuildFile; fileRef = 809F674127B937E400D67E56 /* SearchPassengerViewController.swift */; };
		809F674427B949C100D67E56 /* SearchMatchRequestViewController.swift in Sources */ = {isa = PBXBuildFile; fileRef = 809F674327B949C100D67E56 /* SearchMatchRequestViewController.swift */; };
		80A8933727A8014A00CE83AB /* Main.storyboard in Resources */ = {isa = PBXBuildFile; fileRef = 80A8933527A8014900CE83AB /* Main.storyboard */; };
		80AB375D27A03AA300C4DEE7 /* BookTripViewController.swift in Sources */ = {isa = PBXBuildFile; fileRef = 80AB375C27A03AA300C4DEE7 /* BookTripViewController.swift */; };
		80AE818B27B45240007BBC2B /* ProfileHeaderTableViewCell.swift in Sources */ = {isa = PBXBuildFile; fileRef = 80AE818927B45240007BBC2B /* ProfileHeaderTableViewCell.swift */; };
		80AE818C27B45240007BBC2B /* ProfileHeaderTableViewCell.xib in Resources */ = {isa = PBXBuildFile; fileRef = 80AE818A27B45240007BBC2B /* ProfileHeaderTableViewCell.xib */; };
		80AE818E27B45928007BBC2B /* StorageManager.swift in Sources */ = {isa = PBXBuildFile; fileRef = 80AE818D27B45928007BBC2B /* StorageManager.swift */; };
		80C996372765682100B5A3C7 /* HomePageViewController.swift in Sources */ = {isa = PBXBuildFile; fileRef = 80C996362765682100B5A3C7 /* HomePageViewController.swift */; };
		80C996392765697B00B5A3C7 /* SignUpViewController.swift in Sources */ = {isa = PBXBuildFile; fileRef = 80C996382765697B00B5A3C7 /* SignUpViewController.swift */; };
		80C9963B2766919300B5A3C7 /* LoginViewController.swift in Sources */ = {isa = PBXBuildFile; fileRef = 80C9963A2766919300B5A3C7 /* LoginViewController.swift */; };
		80CA933927091D63009A1469 /* ProfilePageViewController.swift in Sources */ = {isa = PBXBuildFile; fileRef = 80CA933827091D63009A1469 /* ProfilePageViewController.swift */; };
		80CA933B270A034D009A1469 /* PostTripViewController.swift in Sources */ = {isa = PBXBuildFile; fileRef = 80CA933A270A034D009A1469 /* PostTripViewController.swift */; };
		80CA933D270B1AAA009A1469 /* DateTimePicker.swift in Sources */ = {isa = PBXBuildFile; fileRef = 80CA933C270B1AAA009A1469 /* DateTimePicker.swift */; };
		80CA933F270B2150009A1469 /* DateButton.swift in Sources */ = {isa = PBXBuildFile; fileRef = 80CA933E270B2150009A1469 /* DateButton.swift */; };
		80CA9345270C3AD9009A1469 /* DateTimeViewController.swift in Sources */ = {isa = PBXBuildFile; fileRef = 80CA9344270C3AD9009A1469 /* DateTimeViewController.swift */; };
		80CA9347270C7F33009A1469 /* PostTripFromViewController.swift in Sources */ = {isa = PBXBuildFile; fileRef = 80CA9346270C7F33009A1469 /* PostTripFromViewController.swift */; };
		80CA9349270C84CF009A1469 /* PostTripToViewController.swift in Sources */ = {isa = PBXBuildFile; fileRef = 80CA9348270C84CF009A1469 /* PostTripToViewController.swift */; };
		80CA934B270D91B4009A1469 /* PassengerPriceViewController.swift in Sources */ = {isa = PBXBuildFile; fileRef = 80CA934A270D91B3009A1469 /* PassengerPriceViewController.swift */; };
		80D5E7722715B634000F1F5B /* PostFinalViewController.swift in Sources */ = {isa = PBXBuildFile; fileRef = 80D5E7712715B634000F1F5B /* PostFinalViewController.swift */; };
		80D5E791271C81ED000F1F5B /* PostViewController.swift in Sources */ = {isa = PBXBuildFile; fileRef = 80D5E790271C81ED000F1F5B /* PostViewController.swift */; };
		80D9B09626FC9249001EB6BD /* AppDelegate.swift in Sources */ = {isa = PBXBuildFile; fileRef = 80D9B09526FC9249001EB6BD /* AppDelegate.swift */; };
		80D9B09826FC9249001EB6BD /* SceneDelegate.swift in Sources */ = {isa = PBXBuildFile; fileRef = 80D9B09726FC9249001EB6BD /* SceneDelegate.swift */; };
		80D9B09F26FC9251001EB6BD /* Assets.xcassets in Resources */ = {isa = PBXBuildFile; fileRef = 80D9B09E26FC9251001EB6BD /* Assets.xcassets */; };
		80D9B0AB26FC938B001EB6BD /* LocationManager.swift in Sources */ = {isa = PBXBuildFile; fileRef = 80D9B0AA26FC938B001EB6BD /* LocationManager.swift */; };
		80D9B0AF26FDE7F6001EB6BD /* FromWhereToViewController.swift in Sources */ = {isa = PBXBuildFile; fileRef = 80D9B0AE26FDE7F5001EB6BD /* FromWhereToViewController.swift */; };
		80DDEBF8276BCFFC0093BB3F /* APICaller.swift in Sources */ = {isa = PBXBuildFile; fileRef = 80DDEBF7276BCFFC0093BB3F /* APICaller.swift */; };
		80DDEBFD277347E10093BB3F /* PostTableViewCell.swift in Sources */ = {isa = PBXBuildFile; fileRef = 80DDEBFB277347E10093BB3F /* PostTableViewCell.swift */; };
		80DDEBFE277347E10093BB3F /* PostTableViewCell.xib in Resources */ = {isa = PBXBuildFile; fileRef = 80DDEBFC277347E10093BB3F /* PostTableViewCell.xib */; };
		80E7A510274550DD00423EB3 /* MainTabController.swift in Sources */ = {isa = PBXBuildFile; fileRef = 80E7A50F274550DD00423EB3 /* MainTabController.swift */; };
		80E7A512274587F300423EB3 /* ShareTaxiViewController.swift in Sources */ = {isa = PBXBuildFile; fileRef = 80E7A511274587F300423EB3 /* ShareTaxiViewController.swift */; };
		80E7A514274AE59F00423EB3 /* STFromViewController.swift in Sources */ = {isa = PBXBuildFile; fileRef = 80E7A513274AE59F00423EB3 /* STFromViewController.swift */; };
		80E7A516274AE5AF00423EB3 /* STToViewController.swift in Sources */ = {isa = PBXBuildFile; fileRef = 80E7A515274AE5AF00423EB3 /* STToViewController.swift */; };
		80E7A518274AE5E400423EB3 /* TaxiTripSetViewController.swift in Sources */ = {isa = PBXBuildFile; fileRef = 80E7A517274AE5E400423EB3 /* TaxiTripSetViewController.swift */; };
		C02FE7F627B68AE6006E5C14 /* PostTripFromViewController2.swift in Sources */ = {isa = PBXBuildFile; fileRef = C02FE7F527B68AE6006E5C14 /* PostTripFromViewController2.swift */; };
		C02FE7F827B69860006E5C14 /* PostTripToViewController2.swift in Sources */ = {isa = PBXBuildFile; fileRef = C02FE7F727B69860006E5C14 /* PostTripToViewController2.swift */; };
		C02FE7FA27B69DBB006E5C14 /* ShareTaxiFromViewController2.swift in Sources */ = {isa = PBXBuildFile; fileRef = C02FE7F927B69DBB006E5C14 /* ShareTaxiFromViewController2.swift */; };
		C02FE7FC27B69DD7006E5C14 /* ShareTaxiToViewController2.swift in Sources */ = {isa = PBXBuildFile; fileRef = C02FE7FB27B69DD7006E5C14 /* ShareTaxiToViewController2.swift */; };
		C032962A27BD2D7600C21736 /* UserNameViewController.swift in Sources */ = {isa = PBXBuildFile; fileRef = C032962927BD2D7600C21736 /* UserNameViewController.swift */; };
		C032962C27BD400100C21736 /* CreatePasswordViewController.swift in Sources */ = {isa = PBXBuildFile; fileRef = C032962B27BD400100C21736 /* CreatePasswordViewController.swift */; };
		C07DC91C27BBF03B00C44329 /* Languages.swift in Sources */ = {isa = PBXBuildFile; fileRef = C07DC91B27BBF03B00C44329 /* Languages.swift */; };
		C07DC92027BBF17D00C44329 /* Localizable.strings in Resources */ = {isa = PBXBuildFile; fileRef = C07DC92227BBF17D00C44329 /* Localizable.strings */; };
		C08B7A7327B2895D0027684E /* FirstTableViewCell.swift in Sources */ = {isa = PBXBuildFile; fileRef = C08B7A7127B2895D0027684E /* FirstTableViewCell.swift */; };
		C08B7A7427B2895D0027684E /* FirstTableViewCell.xib in Resources */ = {isa = PBXBuildFile; fileRef = C08B7A7227B2895D0027684E /* FirstTableViewCell.xib */; };
/* End PBXBuildFile section */

/* Begin PBXFileReference section */
		07EB3A0D96B15D188E5AB86C /* Pods-RoadBuddy.debug.xcconfig */ = {isa = PBXFileReference; includeInIndex = 1; lastKnownFileType = text.xcconfig; name = "Pods-RoadBuddy.debug.xcconfig"; path = "Target Support Files/Pods-RoadBuddy/Pods-RoadBuddy.debug.xcconfig"; sourceTree = "<group>"; };
		348D7082296F1E38F77D0A60 /* Pods-RoadBuddy.release.xcconfig */ = {isa = PBXFileReference; includeInIndex = 1; lastKnownFileType = text.xcconfig; name = "Pods-RoadBuddy.release.xcconfig"; path = "Target Support Files/Pods-RoadBuddy/Pods-RoadBuddy.release.xcconfig"; sourceTree = "<group>"; };
		804AF855279EB80F00315A82 /* TaxiResultViewController.swift */ = {isa = PBXFileReference; lastKnownFileType = sourcecode.swift; path = TaxiResultViewController.swift; sourceTree = "<group>"; };
		804AF85F279EBCC200315A82 /* TaxiTableViewCell.swift */ = {isa = PBXFileReference; lastKnownFileType = sourcecode.swift; path = TaxiTableViewCell.swift; sourceTree = "<group>"; };
		804AF860279EBCC200315A82 /* TaxiTableViewCell.xib */ = {isa = PBXFileReference; lastKnownFileType = file.xib; path = TaxiTableViewCell.xib; sourceTree = "<group>"; };
		804B3AAA27B54EAF0041A7DC /* SearchFromViewController.swift */ = {isa = PBXFileReference; lastKnownFileType = sourcecode.swift; path = SearchFromViewController.swift; sourceTree = "<group>"; };
		804B3AAC27B64C9D0041A7DC /* SearchToViewController.swift */ = {isa = PBXFileReference; lastKnownFileType = sourcecode.swift; path = SearchToViewController.swift; sourceTree = "<group>"; };
		804B3AAE27B66F320041A7DC /* SearchTimeViewController.swift */ = {isa = PBXFileReference; lastKnownFileType = sourcecode.swift; path = SearchTimeViewController.swift; sourceTree = "<group>"; };
		805A7B4D27B26DCC00DDB80A /* FirstViewController.swift */ = {isa = PBXFileReference; lastKnownFileType = sourcecode.swift; path = FirstViewController.swift; sourceTree = "<group>"; };
		8073AA1E2773DC88007457FD /* ResultsNavigationController.swift */ = {isa = PBXFileReference; lastKnownFileType = sourcecode.swift; path = ResultsNavigationController.swift; sourceTree = "<group>"; };
		8075BAC227A3F1B70064CCB7 /* InboxViewController.swift */ = {isa = PBXFileReference; lastKnownFileType = sourcecode.swift; path = InboxViewController.swift; sourceTree = "<group>"; };
		8075BAC427A3F4B70064CCB7 /* MessageTableViewCell.swift */ = {isa = PBXFileReference; lastKnownFileType = sourcecode.swift; path = MessageTableViewCell.swift; sourceTree = "<group>"; };
		8075BAC527A3F4B70064CCB7 /* MessageTableViewCell.xib */ = {isa = PBXFileReference; lastKnownFileType = file.xib; path = MessageTableViewCell.xib; sourceTree = "<group>"; };
		8075BAD627A6F7E00064CCB7 /* ChatViewController.swift */ = {isa = PBXFileReference; lastKnownFileType = sourcecode.swift; path = ChatViewController.swift; sourceTree = "<group>"; };
		8075BADC27A7EBA30064CCB7 /* Registration.storyboard */ = {isa = PBXFileReference; lastKnownFileType = file.storyboard; path = Registration.storyboard; sourceTree = "<group>"; };
		8076F16B275ABE0500BC6EB2 /* GoogleService-Info.plist */ = {isa = PBXFileReference; fileEncoding = 4; lastKnownFileType = text.plist.xml; path = "GoogleService-Info.plist"; sourceTree = "<group>"; };
		807E99472755643100EA88F0 /* STTimeViewController.swift */ = {isa = PBXFileReference; lastKnownFileType = sourcecode.swift; path = STTimeViewController.swift; sourceTree = "<group>"; };
		807E9BC827074CE20008F523 /* ToViewController.swift */ = {isa = PBXFileReference; lastKnownFileType = sourcecode.swift; path = ToViewController.swift; sourceTree = "<group>"; };
		807E9BCA270769E30008F523 /* Utilities.swift */ = {isa = PBXFileReference; lastKnownFileType = sourcecode.swift; path = Utilities.swift; sourceTree = "<group>"; };
		807E9BCC27076DE90008F523 /* ResultsViewController.swift */ = {isa = PBXFileReference; lastKnownFileType = sourcecode.swift; path = ResultsViewController.swift; sourceTree = "<group>"; };
		807F1F252700B892000C89CB /* Constants.swift */ = {isa = PBXFileReference; fileEncoding = 4; lastKnownFileType = sourcecode.swift; path = Constants.swift; sourceTree = "<group>"; };
		807F1F3A2701E6AB000C89CB /* FromViewController.swift */ = {isa = PBXFileReference; lastKnownFileType = sourcecode.swift; path = FromViewController.swift; sourceTree = "<group>"; };
		809B9C5D27B39933004EB9C4 /* ViewAnimator-master */ = {isa = PBXFileReference; lastKnownFileType = folder; name = "ViewAnimator-master"; path = "../../../Downloads/ViewAnimator-master"; sourceTree = "<group>"; };
		809B9C5F27B39B1E004EB9C4 /* .gitkeep */ = {isa = PBXFileReference; fileEncoding = 4; lastKnownFileType = text; path = .gitkeep; sourceTree = "<group>"; };
		809B9C6127B39B1E004EB9C4 /* Directions.swift */ = {isa = PBXFileReference; fileEncoding = 4; lastKnownFileType = sourcecode.swift; path = Directions.swift; sourceTree = "<group>"; };
		809B9C6227B39B1E004EB9C4 /* AnimationType.swift */ = {isa = PBXFileReference; fileEncoding = 4; lastKnownFileType = sourcecode.swift; path = AnimationType.swift; sourceTree = "<group>"; };
		809B9C6427B39B1E004EB9C4 /* UITableView + ViewAnimator.swift */ = {isa = PBXFileReference; fileEncoding = 4; lastKnownFileType = sourcecode.swift; path = "UITableView + ViewAnimator.swift"; sourceTree = "<group>"; };
		809B9C6527B39B1E004EB9C4 /* UICollectionView + ViewAnimator.swift */ = {isa = PBXFileReference; fileEncoding = 4; lastKnownFileType = sourcecode.swift; path = "UICollectionView + ViewAnimator.swift"; sourceTree = "<group>"; };
		809B9C6627B39B1E004EB9C4 /* ViewAnimatorConfig.swift */ = {isa = PBXFileReference; fileEncoding = 4; lastKnownFileType = sourcecode.swift; path = ViewAnimatorConfig.swift; sourceTree = "<group>"; };
		809B9C6727B39B1E004EB9C4 /* ViewAnimator.swift */ = {isa = PBXFileReference; fileEncoding = 4; lastKnownFileType = sourcecode.swift; path = ViewAnimator.swift; sourceTree = "<group>"; };
		809B9C6927B39B1E004EB9C4 /* Animation.swift */ = {isa = PBXFileReference; fileEncoding = 4; lastKnownFileType = sourcecode.swift; path = Animation.swift; sourceTree = "<group>"; };
		809B9C7227B3A395004EB9C4 /* Requests.swift */ = {isa = PBXFileReference; lastKnownFileType = sourcecode.swift; path = Requests.swift; sourceTree = "<group>"; };
		809F674127B937E400D67E56 /* SearchPassengerViewController.swift */ = {isa = PBXFileReference; lastKnownFileType = sourcecode.swift; path = SearchPassengerViewController.swift; sourceTree = "<group>"; };
		809F674327B949C100D67E56 /* SearchMatchRequestViewController.swift */ = {isa = PBXFileReference; lastKnownFileType = sourcecode.swift; path = SearchMatchRequestViewController.swift; sourceTree = "<group>"; };
		80A8933627A8014900CE83AB /* Base */ = {isa = PBXFileReference; lastKnownFileType = file.storyboard; name = Base; path = Base.lproj/Main.storyboard; sourceTree = "<group>"; };
		80AB375C27A03AA300C4DEE7 /* BookTripViewController.swift */ = {isa = PBXFileReference; lastKnownFileType = sourcecode.swift; path = BookTripViewController.swift; sourceTree = "<group>"; };
		80AE818927B45240007BBC2B /* ProfileHeaderTableViewCell.swift */ = {isa = PBXFileReference; lastKnownFileType = sourcecode.swift; path = ProfileHeaderTableViewCell.swift; sourceTree = "<group>"; };
		80AE818A27B45240007BBC2B /* ProfileHeaderTableViewCell.xib */ = {isa = PBXFileReference; lastKnownFileType = file.xib; path = ProfileHeaderTableViewCell.xib; sourceTree = "<group>"; };
		80AE818D27B45928007BBC2B /* StorageManager.swift */ = {isa = PBXFileReference; lastKnownFileType = sourcecode.swift; path = StorageManager.swift; sourceTree = "<group>"; };
		80C996362765682100B5A3C7 /* HomePageViewController.swift */ = {isa = PBXFileReference; lastKnownFileType = sourcecode.swift; path = HomePageViewController.swift; sourceTree = "<group>"; };
		80C996382765697B00B5A3C7 /* SignUpViewController.swift */ = {isa = PBXFileReference; lastKnownFileType = sourcecode.swift; path = SignUpViewController.swift; sourceTree = "<group>"; };
		80C9963A2766919300B5A3C7 /* LoginViewController.swift */ = {isa = PBXFileReference; lastKnownFileType = sourcecode.swift; path = LoginViewController.swift; sourceTree = "<group>"; };
		80CA933827091D63009A1469 /* ProfilePageViewController.swift */ = {isa = PBXFileReference; lastKnownFileType = sourcecode.swift; path = ProfilePageViewController.swift; sourceTree = "<group>"; };
		80CA933A270A034D009A1469 /* PostTripViewController.swift */ = {isa = PBXFileReference; lastKnownFileType = sourcecode.swift; path = PostTripViewController.swift; sourceTree = "<group>"; };
		80CA933C270B1AAA009A1469 /* DateTimePicker.swift */ = {isa = PBXFileReference; lastKnownFileType = sourcecode.swift; path = DateTimePicker.swift; sourceTree = "<group>"; };
		80CA933E270B2150009A1469 /* DateButton.swift */ = {isa = PBXFileReference; lastKnownFileType = sourcecode.swift; path = DateButton.swift; sourceTree = "<group>"; };
		80CA9344270C3AD9009A1469 /* DateTimeViewController.swift */ = {isa = PBXFileReference; fileEncoding = 4; lastKnownFileType = sourcecode.swift; path = DateTimeViewController.swift; sourceTree = "<group>"; };
		80CA9346270C7F33009A1469 /* PostTripFromViewController.swift */ = {isa = PBXFileReference; lastKnownFileType = sourcecode.swift; path = PostTripFromViewController.swift; sourceTree = "<group>"; };
		80CA9348270C84CF009A1469 /* PostTripToViewController.swift */ = {isa = PBXFileReference; lastKnownFileType = sourcecode.swift; path = PostTripToViewController.swift; sourceTree = "<group>"; };
		80CA934A270D91B3009A1469 /* PassengerPriceViewController.swift */ = {isa = PBXFileReference; lastKnownFileType = sourcecode.swift; path = PassengerPriceViewController.swift; sourceTree = "<group>"; };
		80D5E7712715B634000F1F5B /* PostFinalViewController.swift */ = {isa = PBXFileReference; lastKnownFileType = sourcecode.swift; path = PostFinalViewController.swift; sourceTree = "<group>"; };
		80D5E790271C81ED000F1F5B /* PostViewController.swift */ = {isa = PBXFileReference; lastKnownFileType = sourcecode.swift; path = PostViewController.swift; sourceTree = "<group>"; };
		80D9B09226FC9249001EB6BD /* RoadBuddy.app */ = {isa = PBXFileReference; explicitFileType = wrapper.application; includeInIndex = 0; path = RoadBuddy.app; sourceTree = BUILT_PRODUCTS_DIR; };
		80D9B09526FC9249001EB6BD /* AppDelegate.swift */ = {isa = PBXFileReference; lastKnownFileType = sourcecode.swift; path = AppDelegate.swift; sourceTree = "<group>"; };
		80D9B09726FC9249001EB6BD /* SceneDelegate.swift */ = {isa = PBXFileReference; lastKnownFileType = sourcecode.swift; path = SceneDelegate.swift; sourceTree = "<group>"; };
		80D9B09E26FC9251001EB6BD /* Assets.xcassets */ = {isa = PBXFileReference; lastKnownFileType = folder.assetcatalog; path = Assets.xcassets; sourceTree = "<group>"; };
		80D9B0A326FC9251001EB6BD /* Info.plist */ = {isa = PBXFileReference; lastKnownFileType = text.plist.xml; path = Info.plist; sourceTree = "<group>"; };
		80D9B0AA26FC938B001EB6BD /* LocationManager.swift */ = {isa = PBXFileReference; lastKnownFileType = sourcecode.swift; path = LocationManager.swift; sourceTree = "<group>"; };
		80D9B0AE26FDE7F5001EB6BD /* FromWhereToViewController.swift */ = {isa = PBXFileReference; lastKnownFileType = sourcecode.swift; path = FromWhereToViewController.swift; sourceTree = "<group>"; };
		80DDEBF7276BCFFC0093BB3F /* APICaller.swift */ = {isa = PBXFileReference; lastKnownFileType = sourcecode.swift; path = APICaller.swift; sourceTree = "<group>"; };
		80DDEBFB277347E10093BB3F /* PostTableViewCell.swift */ = {isa = PBXFileReference; lastKnownFileType = sourcecode.swift; path = PostTableViewCell.swift; sourceTree = "<group>"; };
		80DDEBFC277347E10093BB3F /* PostTableViewCell.xib */ = {isa = PBXFileReference; lastKnownFileType = file.xib; path = PostTableViewCell.xib; sourceTree = "<group>"; };
		80E7A50F274550DD00423EB3 /* MainTabController.swift */ = {isa = PBXFileReference; lastKnownFileType = sourcecode.swift; path = MainTabController.swift; sourceTree = "<group>"; };
		80E7A511274587F300423EB3 /* ShareTaxiViewController.swift */ = {isa = PBXFileReference; lastKnownFileType = sourcecode.swift; path = ShareTaxiViewController.swift; sourceTree = "<group>"; };
		80E7A513274AE59F00423EB3 /* STFromViewController.swift */ = {isa = PBXFileReference; lastKnownFileType = sourcecode.swift; path = STFromViewController.swift; sourceTree = "<group>"; };
		80E7A515274AE5AF00423EB3 /* STToViewController.swift */ = {isa = PBXFileReference; lastKnownFileType = sourcecode.swift; path = STToViewController.swift; sourceTree = "<group>"; };
		80E7A517274AE5E400423EB3 /* TaxiTripSetViewController.swift */ = {isa = PBXFileReference; lastKnownFileType = sourcecode.swift; path = TaxiTripSetViewController.swift; sourceTree = "<group>"; };
		BD4FE229515EAE9346E4B422 /* Pods_RoadBuddy.framework */ = {isa = PBXFileReference; explicitFileType = wrapper.framework; includeInIndex = 0; path = Pods_RoadBuddy.framework; sourceTree = BUILT_PRODUCTS_DIR; };
		C02FE7F527B68AE6006E5C14 /* PostTripFromViewController2.swift */ = {isa = PBXFileReference; lastKnownFileType = sourcecode.swift; path = PostTripFromViewController2.swift; sourceTree = "<group>"; };
		C02FE7F727B69860006E5C14 /* PostTripToViewController2.swift */ = {isa = PBXFileReference; lastKnownFileType = sourcecode.swift; path = PostTripToViewController2.swift; sourceTree = "<group>"; };
		C02FE7F927B69DBB006E5C14 /* ShareTaxiFromViewController2.swift */ = {isa = PBXFileReference; lastKnownFileType = sourcecode.swift; path = ShareTaxiFromViewController2.swift; sourceTree = "<group>"; };
		C02FE7FB27B69DD7006E5C14 /* ShareTaxiToViewController2.swift */ = {isa = PBXFileReference; lastKnownFileType = sourcecode.swift; path = ShareTaxiToViewController2.swift; sourceTree = "<group>"; };
		C032962927BD2D7600C21736 /* UserNameViewController.swift */ = {isa = PBXFileReference; lastKnownFileType = sourcecode.swift; path = UserNameViewController.swift; sourceTree = "<group>"; };
		C032962B27BD400100C21736 /* CreatePasswordViewController.swift */ = {isa = PBXFileReference; lastKnownFileType = sourcecode.swift; path = CreatePasswordViewController.swift; sourceTree = "<group>"; };
		C07DC91B27BBF03B00C44329 /* Languages.swift */ = {isa = PBXFileReference; lastKnownFileType = sourcecode.swift; path = Languages.swift; sourceTree = "<group>"; };
		C07DC91D27BBF13600C44329 /* zh-Hans */ = {isa = PBXFileReference; lastKnownFileType = text.plist.strings; name = "zh-Hans"; path = "zh-Hans.lproj/Main.strings"; sourceTree = "<group>"; };
		C07DC92127BBF17D00C44329 /* en */ = {isa = PBXFileReference; lastKnownFileType = text.plist.strings; name = en; path = en.lproj/Localizable.strings; sourceTree = "<group>"; };
		C07DC92327BBF17E00C44329 /* zh-Hans */ = {isa = PBXFileReference; lastKnownFileType = text.plist.strings; name = "zh-Hans"; path = "zh-Hans.lproj/Localizable.strings"; sourceTree = "<group>"; };
		C07DC92427BBF54300C44329 /* tr */ = {isa = PBXFileReference; lastKnownFileType = text.plist.strings; name = tr; path = tr.lproj/Main.strings; sourceTree = "<group>"; };
		C07DC92527BBF54A00C44329 /* tr */ = {isa = PBXFileReference; lastKnownFileType = text.plist.strings; name = tr; path = tr.lproj/Localizable.strings; sourceTree = "<group>"; };
		C08B7A7127B2895D0027684E /* FirstTableViewCell.swift */ = {isa = PBXFileReference; lastKnownFileType = sourcecode.swift; path = FirstTableViewCell.swift; sourceTree = "<group>"; };
		C08B7A7227B2895D0027684E /* FirstTableViewCell.xib */ = {isa = PBXFileReference; lastKnownFileType = file.xib; path = FirstTableViewCell.xib; sourceTree = "<group>"; };
/* End PBXFileReference section */

/* Begin PBXFrameworksBuildPhase section */
		80D9B08F26FC9249001EB6BD /* Frameworks */ = {
			isa = PBXFrameworksBuildPhase;
			buildActionMask = 2147483647;
			files = (
				8076F148275AAF2D00BC6EB2 /* FirebaseDatabase in Frameworks */,
				8076F156275AAF2D00BC6EB2 /* FirebaseFunctionsCombine-Community in Frameworks */,
				8075BAD327A6EF020064CCB7 /* SDWebImage in Frameworks */,
				8076F14E275AAF2D00BC6EB2 /* FirebaseFirestore in Frameworks */,
				8076F166275AAF2E00BC6EB2 /* FirebaseStorage in Frameworks */,
				8076F13A275AAF2D00BC6EB2 /* FirebaseAnalyticsSwift-Beta in Frameworks */,
				8076F16A275AAF2E00BC6EB2 /* FirebaseStorageSwift-Beta in Frameworks */,
				8075BAD527A6EF020064CCB7 /* SDWebImageMapKit in Frameworks */,
				8076F138275AAF2D00BC6EB2 /* FirebaseAnalytics in Frameworks */,
				24347E856DDF698E826216F1 /* Pods_RoadBuddy.framework in Frameworks */,
				8075BACD27A6EE140064CCB7 /* MessageKit in Frameworks */,
				8073AA222775CCCD007457FD /* SkeletonView in Frameworks */,
				8076F15E275AAF2E00BC6EB2 /* FirebaseMLModelDownloader in Frameworks */,
				8076F13E275AAF2D00BC6EB2 /* FirebaseAppCheck in Frameworks */,
				8076F13C275AAF2D00BC6EB2 /* FirebaseAnalyticsWithoutAdIdSupport in Frameworks */,
				8076F142275AAF2D00BC6EB2 /* FirebaseAuth in Frameworks */,
				8076F146275AAF2D00BC6EB2 /* FirebaseCrashlytics in Frameworks */,
				8076F14A275AAF2D00BC6EB2 /* FirebaseDatabaseSwift-Beta in Frameworks */,
				8076F158275AAF2E00BC6EB2 /* FirebaseInAppMessaging-Beta in Frameworks */,
				8076F140275AAF2D00BC6EB2 /* FirebaseAppDistribution-Beta in Frameworks */,
				8076F154275AAF2D00BC6EB2 /* FirebaseFunctions in Frameworks */,
				8076F168275AAF2E00BC6EB2 /* FirebaseStorageCombine-Community in Frameworks */,
				8076F164275AAF2E00BC6EB2 /* FirebaseRemoteConfig in Frameworks */,
				8076F144275AAF2D00BC6EB2 /* FirebaseAuthCombine-Community in Frameworks */,
				8076F152275AAF2D00BC6EB2 /* FirebaseFirestoreSwift-Beta in Frameworks */,
				8076F162275AAF2E00BC6EB2 /* FirebasePerformance in Frameworks */,
				8076F15A275AAF2E00BC6EB2 /* FirebaseInAppMessagingSwift-Beta in Frameworks */,
				8076F14C275AAF2D00BC6EB2 /* FirebaseDynamicLinks in Frameworks */,
				8076F150275AAF2D00BC6EB2 /* FirebaseFirestoreCombine-Community in Frameworks */,
				8076F160275AAF2E00BC6EB2 /* FirebaseMessaging in Frameworks */,
				8075BAD027A6EE9A0064CCB7 /* JGProgressHUD in Frameworks */,
				8076F15C275AAF2E00BC6EB2 /* FirebaseInstallations in Frameworks */,
			);
			runOnlyForDeploymentPostprocessing = 0;
		};
/* End PBXFrameworksBuildPhase section */

/* Begin PBXGroup section */
		807F1F242700B78A000C89CB /* Helpers */ = {
			isa = PBXGroup;
			children = (
				8076F16B275ABE0500BC6EB2 /* GoogleService-Info.plist */,
				807F1F252700B892000C89CB /* Constants.swift */,
				807E9BCA270769E30008F523 /* Utilities.swift */,
				80CA933C270B1AAA009A1469 /* DateTimePicker.swift */,
				80CA933E270B2150009A1469 /* DateButton.swift */,
				80DDEBF7276BCFFC0093BB3F /* APICaller.swift */,
				80AE818D27B45928007BBC2B /* StorageManager.swift */,
				809B9C7227B3A395004EB9C4 /* Requests.swift */,
				80DDEBFB277347E10093BB3F /* PostTableViewCell.swift */,
				80DDEBFC277347E10093BB3F /* PostTableViewCell.xib */,
				804AF85F279EBCC200315A82 /* TaxiTableViewCell.swift */,
				804AF860279EBCC200315A82 /* TaxiTableViewCell.xib */,
				8075BAC427A3F4B70064CCB7 /* MessageTableViewCell.swift */,
				8075BAC527A3F4B70064CCB7 /* MessageTableViewCell.xib */,
				C08B7A7127B2895D0027684E /* FirstTableViewCell.swift */,
				C08B7A7227B2895D0027684E /* FirstTableViewCell.xib */,
				80AE818927B45240007BBC2B /* ProfileHeaderTableViewCell.swift */,
				80AE818A27B45240007BBC2B /* ProfileHeaderTableViewCell.xib */,
				C07DC91B27BBF03B00C44329 /* Languages.swift */,
			);
			path = Helpers;
			sourceTree = "<group>";
		};
		809B9C5E27B39B1E004EB9C4 /* Sources */ = {
			isa = PBXGroup;
			children = (
				809B9C5F27B39B1E004EB9C4 /* .gitkeep */,
				809B9C6027B39B1E004EB9C4 /* Models */,
				809B9C6327B39B1E004EB9C4 /* Extensions */,
				809B9C6627B39B1E004EB9C4 /* ViewAnimatorConfig.swift */,
				809B9C6727B39B1E004EB9C4 /* ViewAnimator.swift */,
				809B9C6827B39B1E004EB9C4 /* Protocols */,
			);
			name = Sources;
			path = "../../../Downloads/ViewAnimator-master/Sources";
			sourceTree = "<group>";
		};
		809B9C6027B39B1E004EB9C4 /* Models */ = {
			isa = PBXGroup;
			children = (
				809B9C6127B39B1E004EB9C4 /* Directions.swift */,
				809B9C6227B39B1E004EB9C4 /* AnimationType.swift */,
			);
			path = Models;
			sourceTree = "<group>";
		};
		809B9C6327B39B1E004EB9C4 /* Extensions */ = {
			isa = PBXGroup;
			children = (
				809B9C6427B39B1E004EB9C4 /* UITableView + ViewAnimator.swift */,
				809B9C6527B39B1E004EB9C4 /* UICollectionView + ViewAnimator.swift */,
			);
			path = Extensions;
			sourceTree = "<group>";
		};
		809B9C6827B39B1E004EB9C4 /* Protocols */ = {
			isa = PBXGroup;
			children = (
				809B9C6927B39B1E004EB9C4 /* Animation.swift */,
			);
			path = Protocols;
			sourceTree = "<group>";
		};
		809F674027B9338000D67E56 /* Old View Controllers */ = {
			isa = PBXGroup;
			children = (
				80D5E790271C81ED000F1F5B /* PostViewController.swift */,
				80D5E7712715B634000F1F5B /* PostFinalViewController.swift */,
				80CA934A270D91B3009A1469 /* PassengerPriceViewController.swift */,
				80CA933A270A034D009A1469 /* PostTripViewController.swift */,
				80D9B0AE26FDE7F5001EB6BD /* FromWhereToViewController.swift */,
				80CA9344270C3AD9009A1469 /* DateTimeViewController.swift */,
				80CA9348270C84CF009A1469 /* PostTripToViewController.swift */,
				80CA9346270C7F33009A1469 /* PostTripFromViewController.swift */,
				807E99472755643100EA88F0 /* STTimeViewController.swift */,
				80E7A515274AE5AF00423EB3 /* STToViewController.swift */,
				80E7A513274AE59F00423EB3 /* STFromViewController.swift */,
				807E9BC827074CE20008F523 /* ToViewController.swift */,
				807F1F3A2701E6AB000C89CB /* FromViewController.swift */,
			);
			path = "Old View Controllers";
			sourceTree = "<group>";
		};
		80D9B08926FC9249001EB6BD = {
			isa = PBXGroup;
			children = (
				80D9B09426FC9249001EB6BD /* RoadBuddy */,
				80D9B09326FC9249001EB6BD /* Products */,
				B7754EA24FE4D2233578A480 /* Pods */,
				8442CBD5BBD752598282D532 /* Frameworks */,
			);
			sourceTree = "<group>";
		};
		80D9B09326FC9249001EB6BD /* Products */ = {
			isa = PBXGroup;
			children = (
				80D9B09226FC9249001EB6BD /* RoadBuddy.app */,
			);
			name = Products;
			sourceTree = "<group>";
		};
		80D9B09426FC9249001EB6BD /* RoadBuddy */ = {
			isa = PBXGroup;
			children = (
				809B9C5E27B39B1E004EB9C4 /* Sources */,
				809B9C5D27B39933004EB9C4 /* ViewAnimator-master */,
				807F1F242700B78A000C89CB /* Helpers */,
				80D9B0A926FC926D001EB6BD /* View Controllers */,
				80D9B09526FC9249001EB6BD /* AppDelegate.swift */,
				80D9B09726FC9249001EB6BD /* SceneDelegate.swift */,
				80E7A50F274550DD00423EB3 /* MainTabController.swift */,
				80D9B0AA26FC938B001EB6BD /* LocationManager.swift */,
				8073AA1E2773DC88007457FD /* ResultsNavigationController.swift */,
				80A8933527A8014900CE83AB /* Main.storyboard */,
				8075BADC27A7EBA30064CCB7 /* Registration.storyboard */,
				80D9B09E26FC9251001EB6BD /* Assets.xcassets */,
				80D9B0A326FC9251001EB6BD /* Info.plist */,
				C07DC92227BBF17D00C44329 /* Localizable.strings */,
			);
			path = RoadBuddy;
			sourceTree = "<group>";
		};
		80D9B0A926FC926D001EB6BD /* View Controllers */ = {
			isa = PBXGroup;
			children = (
				80C996362765682100B5A3C7 /* HomePageViewController.swift */,
				80C996382765697B00B5A3C7 /* SignUpViewController.swift */,
				80C9963A2766919300B5A3C7 /* LoginViewController.swift */,
				805A7B4D27B26DCC00DDB80A /* FirstViewController.swift */,
				804B3AAA27B54EAF0041A7DC /* SearchFromViewController.swift */,
				804B3AAC27B64C9D0041A7DC /* SearchToViewController.swift */,
				804B3AAE27B66F320041A7DC /* SearchTimeViewController.swift */,
				809F674127B937E400D67E56 /* SearchPassengerViewController.swift */,
				809F674327B949C100D67E56 /* SearchMatchRequestViewController.swift */,
				C02FE7F527B68AE6006E5C14 /* PostTripFromViewController2.swift */,
				C02FE7F727B69860006E5C14 /* PostTripToViewController2.swift */,
				C02FE7F927B69DBB006E5C14 /* ShareTaxiFromViewController2.swift */,
				C02FE7FB27B69DD7006E5C14 /* ShareTaxiToViewController2.swift */,
				809F674027B9338000D67E56 /* Old View Controllers */,
				807E9BCC27076DE90008F523 /* ResultsViewController.swift */,
				80CA933827091D63009A1469 /* ProfilePageViewController.swift */,
				80E7A511274587F300423EB3 /* ShareTaxiViewController.swift */,
				80E7A517274AE5E400423EB3 /* TaxiTripSetViewController.swift */,
				804AF855279EB80F00315A82 /* TaxiResultViewController.swift */,
				80AB375C27A03AA300C4DEE7 /* BookTripViewController.swift */,
				8075BAC227A3F1B70064CCB7 /* InboxViewController.swift */,
				8075BAD627A6F7E00064CCB7 /* ChatViewController.swift */,
				C032962927BD2D7600C21736 /* UserNameViewController.swift */,
				C032962B27BD400100C21736 /* CreatePasswordViewController.swift */,
			);
			path = "View Controllers";
			sourceTree = "<group>";
		};
		8442CBD5BBD752598282D532 /* Frameworks */ = {
			isa = PBXGroup;
			children = (
				BD4FE229515EAE9346E4B422 /* Pods_RoadBuddy.framework */,
			);
			name = Frameworks;
			sourceTree = "<group>";
		};
		B7754EA24FE4D2233578A480 /* Pods */ = {
			isa = PBXGroup;
			children = (
				07EB3A0D96B15D188E5AB86C /* Pods-RoadBuddy.debug.xcconfig */,
				348D7082296F1E38F77D0A60 /* Pods-RoadBuddy.release.xcconfig */,
			);
			path = Pods;
			sourceTree = "<group>";
		};
/* End PBXGroup section */

/* Begin PBXNativeTarget section */
		80D9B09126FC9249001EB6BD /* RoadBuddy */ = {
			isa = PBXNativeTarget;
			buildConfigurationList = 80D9B0A626FC9251001EB6BD /* Build configuration list for PBXNativeTarget "RoadBuddy" */;
			buildPhases = (
				FAB8B2FDE17515793BE529D6 /* [CP] Check Pods Manifest.lock */,
				80D9B08E26FC9249001EB6BD /* Sources */,
				80D9B08F26FC9249001EB6BD /* Frameworks */,
				80D9B09026FC9249001EB6BD /* Resources */,
				3E3857353C1A0B28080FBB97 /* [CP] Embed Pods Frameworks */,
			);
			buildRules = (
			);
			dependencies = (
				8023FAD027A9CB8D006773D0 /* PBXTargetDependency */,
				8023FAD227A9CB8D006773D0 /* PBXTargetDependency */,
				8023FAD427A9CB8D006773D0 /* PBXTargetDependency */,
				8023FAD627A9CB8D006773D0 /* PBXTargetDependency */,
				8023FAD827A9CB8D006773D0 /* PBXTargetDependency */,
				8023FADA27A9CB8D006773D0 /* PBXTargetDependency */,
				8023FADC27A9CB8D006773D0 /* PBXTargetDependency */,
				8023FADE27A9CB8D006773D0 /* PBXTargetDependency */,
				8023FAE027A9CB8D006773D0 /* PBXTargetDependency */,
				8023FAE227A9CB8D006773D0 /* PBXTargetDependency */,
				8023FAE427A9CB8D006773D0 /* PBXTargetDependency */,
				8023FAE627A9CB8D006773D0 /* PBXTargetDependency */,
				8023FAE827A9CB8D006773D0 /* PBXTargetDependency */,
				8023FAEA27A9CB8D006773D0 /* PBXTargetDependency */,
				8023FAEC27A9CB8D006773D0 /* PBXTargetDependency */,
				8023FAEE27A9CB8D006773D0 /* PBXTargetDependency */,
				8023FAF027A9CB8D006773D0 /* PBXTargetDependency */,
				8023FAF227A9CB8D006773D0 /* PBXTargetDependency */,
				8023FAF427A9CB8D006773D0 /* PBXTargetDependency */,
				8023FAF627A9CB8D006773D0 /* PBXTargetDependency */,
				8023FAF827A9CB8D006773D0 /* PBXTargetDependency */,
				8023FAFA27A9CB8D006773D0 /* PBXTargetDependency */,
				8023FAFC27A9CB8D006773D0 /* PBXTargetDependency */,
				8023FAFE27A9CB8D006773D0 /* PBXTargetDependency */,
				8023FB0027A9CB8D006773D0 /* PBXTargetDependency */,
				8023FB0227A9CB8D006773D0 /* PBXTargetDependency */,
				8023FB0427A9CB8D006773D0 /* PBXTargetDependency */,
				8023FB0A27A9CB8D006773D0 /* PBXTargetDependency */,
				8023FB0C27A9CB8D006773D0 /* PBXTargetDependency */,
				8023FB0E27A9CB8D006773D0 /* PBXTargetDependency */,
				8023FB1027A9CB8D006773D0 /* PBXTargetDependency */,
			);
			name = RoadBuddy;
			packageProductDependencies = (
				8076F137275AAF2D00BC6EB2 /* FirebaseAnalytics */,
				8076F139275AAF2D00BC6EB2 /* FirebaseAnalyticsSwift-Beta */,
				8076F13B275AAF2D00BC6EB2 /* FirebaseAnalyticsWithoutAdIdSupport */,
				8076F13D275AAF2D00BC6EB2 /* FirebaseAppCheck */,
				8076F13F275AAF2D00BC6EB2 /* FirebaseAppDistribution-Beta */,
				8076F141275AAF2D00BC6EB2 /* FirebaseAuth */,
				8076F143275AAF2D00BC6EB2 /* FirebaseAuthCombine-Community */,
				8076F145275AAF2D00BC6EB2 /* FirebaseCrashlytics */,
				8076F147275AAF2D00BC6EB2 /* FirebaseDatabase */,
				8076F149275AAF2D00BC6EB2 /* FirebaseDatabaseSwift-Beta */,
				8076F14B275AAF2D00BC6EB2 /* FirebaseDynamicLinks */,
				8076F14D275AAF2D00BC6EB2 /* FirebaseFirestore */,
				8076F14F275AAF2D00BC6EB2 /* FirebaseFirestoreCombine-Community */,
				8076F151275AAF2D00BC6EB2 /* FirebaseFirestoreSwift-Beta */,
				8076F153275AAF2D00BC6EB2 /* FirebaseFunctions */,
				8076F155275AAF2D00BC6EB2 /* FirebaseFunctionsCombine-Community */,
				8076F157275AAF2E00BC6EB2 /* FirebaseInAppMessaging-Beta */,
				8076F159275AAF2E00BC6EB2 /* FirebaseInAppMessagingSwift-Beta */,
				8076F15B275AAF2E00BC6EB2 /* FirebaseInstallations */,
				8076F15D275AAF2E00BC6EB2 /* FirebaseMLModelDownloader */,
				8076F15F275AAF2E00BC6EB2 /* FirebaseMessaging */,
				8076F161275AAF2E00BC6EB2 /* FirebasePerformance */,
				8076F163275AAF2E00BC6EB2 /* FirebaseRemoteConfig */,
				8076F165275AAF2E00BC6EB2 /* FirebaseStorage */,
				8076F167275AAF2E00BC6EB2 /* FirebaseStorageCombine-Community */,
				8076F169275AAF2E00BC6EB2 /* FirebaseStorageSwift-Beta */,
				8073AA212775CCCD007457FD /* SkeletonView */,
				8075BACC27A6EE140064CCB7 /* MessageKit */,
				8075BACF27A6EE9A0064CCB7 /* JGProgressHUD */,
				8075BAD227A6EF020064CCB7 /* SDWebImage */,
				8075BAD427A6EF020064CCB7 /* SDWebImageMapKit */,
			);
			productName = RoadBuddy;
			productReference = 80D9B09226FC9249001EB6BD /* RoadBuddy.app */;
			productType = "com.apple.product-type.application";
		};
/* End PBXNativeTarget section */

/* Begin PBXProject section */
		80D9B08A26FC9249001EB6BD /* Project object */ = {
			isa = PBXProject;
			attributes = {
				LastSwiftUpdateCheck = 1250;
				LastUpgradeCheck = 1250;
				TargetAttributes = {
					80D9B09126FC9249001EB6BD = {
						CreatedOnToolsVersion = 12.5.1;
					};
				};
			};
			buildConfigurationList = 80D9B08D26FC9249001EB6BD /* Build configuration list for PBXProject "RoadBuddy" */;
			compatibilityVersion = "Xcode 9.3";
			developmentRegion = en;
			hasScannedForEncodings = 0;
			knownRegions = (
				en,
				Base,
				"zh-Hans",
				tr,
			);
			mainGroup = 80D9B08926FC9249001EB6BD;
			packageReferences = (
				8076F136275AAF2D00BC6EB2 /* XCRemoteSwiftPackageReference "firebase-ios-sdk" */,
				8073AA202775CCCD007457FD /* XCRemoteSwiftPackageReference "SkeletonView" */,
				8075BACB27A6EE140064CCB7 /* XCRemoteSwiftPackageReference "MessageKit" */,
				8075BACE27A6EE990064CCB7 /* XCRemoteSwiftPackageReference "JGProgressHUD" */,
				8075BAD127A6EF020064CCB7 /* XCRemoteSwiftPackageReference "SDWebImage" */,
			);
			productRefGroup = 80D9B09326FC9249001EB6BD /* Products */;
			projectDirPath = "";
			projectRoot = "";
			targets = (
				80D9B09126FC9249001EB6BD /* RoadBuddy */,
			);
		};
/* End PBXProject section */

/* Begin PBXResourcesBuildPhase section */
		80D9B09026FC9249001EB6BD /* Resources */ = {
			isa = PBXResourcesBuildPhase;
			buildActionMask = 2147483647;
			files = (
				804AF862279EBCC300315A82 /* TaxiTableViewCell.xib in Resources */,
				C08B7A7427B2895D0027684E /* FirstTableViewCell.xib in Resources */,
				C07DC92027BBF17D00C44329 /* Localizable.strings in Resources */,
				809B9C6A27B39B1E004EB9C4 /* .gitkeep in Resources */,
				80D9B09F26FC9251001EB6BD /* Assets.xcassets in Resources */,
				8075BADD27A7EBA30064CCB7 /* Registration.storyboard in Resources */,
				80A8933727A8014A00CE83AB /* Main.storyboard in Resources */,
				80AE818C27B45240007BBC2B /* ProfileHeaderTableViewCell.xib in Resources */,
				8076F16C275ABE0500BC6EB2 /* GoogleService-Info.plist in Resources */,
				80DDEBFE277347E10093BB3F /* PostTableViewCell.xib in Resources */,
				8075BAC727A3F4B70064CCB7 /* MessageTableViewCell.xib in Resources */,
			);
			runOnlyForDeploymentPostprocessing = 0;
		};
/* End PBXResourcesBuildPhase section */

/* Begin PBXShellScriptBuildPhase section */
		3E3857353C1A0B28080FBB97 /* [CP] Embed Pods Frameworks */ = {
			isa = PBXShellScriptBuildPhase;
			buildActionMask = 2147483647;
			files = (
			);
			inputFileListPaths = (
				"${PODS_ROOT}/Target Support Files/Pods-RoadBuddy/Pods-RoadBuddy-frameworks-${CONFIGURATION}-input-files.xcfilelist",
			);
			name = "[CP] Embed Pods Frameworks";
			outputFileListPaths = (
				"${PODS_ROOT}/Target Support Files/Pods-RoadBuddy/Pods-RoadBuddy-frameworks-${CONFIGURATION}-output-files.xcfilelist",
			);
			runOnlyForDeploymentPostprocessing = 0;
			shellPath = /bin/sh;
			shellScript = "\"${PODS_ROOT}/Target Support Files/Pods-RoadBuddy/Pods-RoadBuddy-frameworks.sh\"\n";
			showEnvVarsInLog = 0;
		};
		FAB8B2FDE17515793BE529D6 /* [CP] Check Pods Manifest.lock */ = {
			isa = PBXShellScriptBuildPhase;
			buildActionMask = 2147483647;
			files = (
			);
			inputFileListPaths = (
			);
			inputPaths = (
				"${PODS_PODFILE_DIR_PATH}/Podfile.lock",
				"${PODS_ROOT}/Manifest.lock",
			);
			name = "[CP] Check Pods Manifest.lock";
			outputFileListPaths = (
			);
			outputPaths = (
				"$(DERIVED_FILE_DIR)/Pods-RoadBuddy-checkManifestLockResult.txt",
			);
			runOnlyForDeploymentPostprocessing = 0;
			shellPath = /bin/sh;
			shellScript = "diff \"${PODS_PODFILE_DIR_PATH}/Podfile.lock\" \"${PODS_ROOT}/Manifest.lock\" > /dev/null\nif [ $? != 0 ] ; then\n    # print error to STDERR\n    echo \"error: The sandbox is not in sync with the Podfile.lock. Run 'pod install' or update your CocoaPods installation.\" >&2\n    exit 1\nfi\n# This output is used by Xcode 'outputs' to avoid re-running this script phase.\necho \"SUCCESS\" > \"${SCRIPT_OUTPUT_FILE_0}\"\n";
			showEnvVarsInLog = 0;
		};
/* End PBXShellScriptBuildPhase section */

/* Begin PBXSourcesBuildPhase section */
		80D9B08E26FC9249001EB6BD /* Sources */ = {
			isa = PBXSourcesBuildPhase;
			buildActionMask = 2147483647;
			files = (
				C02FE7FC27B69DD7006E5C14 /* ShareTaxiToViewController2.swift in Sources */,
				80E7A518274AE5E400423EB3 /* TaxiTripSetViewController.swift in Sources */,
				807E9BCD27076DE90008F523 /* ResultsViewController.swift in Sources */,
				C032962C27BD400100C21736 /* CreatePasswordViewController.swift in Sources */,
				C07DC91C27BBF03B00C44329 /* Languages.swift in Sources */,
				80CA933B270A034D009A1469 /* PostTripViewController.swift in Sources */,
				80CA9347270C7F33009A1469 /* PostTripFromViewController.swift in Sources */,
				804B3AAB27B54EAF0041A7DC /* SearchFromViewController.swift in Sources */,
				80CA934B270D91B4009A1469 /* PassengerPriceViewController.swift in Sources */,
				807E99482755643100EA88F0 /* STTimeViewController.swift in Sources */,
				80D9B0AF26FDE7F6001EB6BD /* FromWhereToViewController.swift in Sources */,
				809B9C6F27B39B1E004EB9C4 /* ViewAnimatorConfig.swift in Sources */,
				80C996372765682100B5A3C7 /* HomePageViewController.swift in Sources */,
				8075BAC627A3F4B70064CCB7 /* MessageTableViewCell.swift in Sources */,
				804B3AAD27B64C9D0041A7DC /* SearchToViewController.swift in Sources */,
				80D9B0AB26FC938B001EB6BD /* LocationManager.swift in Sources */,
				804B3AAF27B66F320041A7DC /* SearchTimeViewController.swift in Sources */,
				80E7A514274AE59F00423EB3 /* STFromViewController.swift in Sources */,
				805A7B4E27B26DCE00DDB80A /* FirstViewController.swift in Sources */,
				80E7A510274550DD00423EB3 /* MainTabController.swift in Sources */,
				809F674227B937E400D67E56 /* SearchPassengerViewController.swift in Sources */,
				807E9BC927074CE20008F523 /* ToViewController.swift in Sources */,
				C02FE7F627B68AE6006E5C14 /* PostTripFromViewController2.swift in Sources */,
				809B9C6E27B39B1E004EB9C4 /* UICollectionView + ViewAnimator.swift in Sources */,
				80AE818B27B45240007BBC2B /* ProfileHeaderTableViewCell.swift in Sources */,
				80AE818E27B45928007BBC2B /* StorageManager.swift in Sources */,
				80E7A516274AE5AF00423EB3 /* STToViewController.swift in Sources */,
				804AF861279EBCC200315A82 /* TaxiTableViewCell.swift in Sources */,
				809F674427B949C100D67E56 /* SearchMatchRequestViewController.swift in Sources */,
				80AB375D27A03AA300C4DEE7 /* BookTripViewController.swift in Sources */,
				80D5E791271C81ED000F1F5B /* PostViewController.swift in Sources */,
				C08B7A7327B2895D0027684E /* FirstTableViewCell.swift in Sources */,
				809B9C6D27B39B1E004EB9C4 /* UITableView + ViewAnimator.swift in Sources */,
				80C996392765697B00B5A3C7 /* SignUpViewController.swift in Sources */,
				C02FE7FA27B69DBB006E5C14 /* ShareTaxiFromViewController2.swift in Sources */,
				C032962A27BD2D7600C21736 /* UserNameViewController.swift in Sources */,
				809B9C7127B39B1E004EB9C4 /* Animation.swift in Sources */,
				807F1F3B2701E6AB000C89CB /* FromViewController.swift in Sources */,
				80C9963B2766919300B5A3C7 /* LoginViewController.swift in Sources */,
				80CA933927091D63009A1469 /* ProfilePageViewController.swift in Sources */,
				80CA9349270C84CF009A1469 /* PostTripToViewController.swift in Sources */,
				80D9B09626FC9249001EB6BD /* AppDelegate.swift in Sources */,
				80DDEBF8276BCFFC0093BB3F /* APICaller.swift in Sources */,
				809B9C7327B3A395004EB9C4 /* Requests.swift in Sources */,
				804AF856279EB80F00315A82 /* TaxiResultViewController.swift in Sources */,
				80CA933D270B1AAA009A1469 /* DateTimePicker.swift in Sources */,
				80CA9345270C3AD9009A1469 /* DateTimeViewController.swift in Sources */,
				809B9C7027B39B1E004EB9C4 /* ViewAnimator.swift in Sources */,
				80D9B09826FC9249001EB6BD /* SceneDelegate.swift in Sources */,
				807E9BCB270769E30008F523 /* Utilities.swift in Sources */,
				809B9C6B27B39B1E004EB9C4 /* Directions.swift in Sources */,
				80DDEBFD277347E10093BB3F /* PostTableViewCell.swift in Sources */,
				809B9C6C27B39B1E004EB9C4 /* AnimationType.swift in Sources */,
				807F1F262700B892000C89CB /* Constants.swift in Sources */,
				80E7A512274587F300423EB3 /* ShareTaxiViewController.swift in Sources */,
				80CA933F270B2150009A1469 /* DateButton.swift in Sources */,
				C02FE7F827B69860006E5C14 /* PostTripToViewController2.swift in Sources */,
				8075BAD727A6F7E10064CCB7 /* ChatViewController.swift in Sources */,
				80D5E7722715B634000F1F5B /* PostFinalViewController.swift in Sources */,
				8073AA1F2773DC88007457FD /* ResultsNavigationController.swift in Sources */,
				8075BAC327A3F1B70064CCB7 /* InboxViewController.swift in Sources */,
			);
			runOnlyForDeploymentPostprocessing = 0;
		};
/* End PBXSourcesBuildPhase section */

/* Begin PBXTargetDependency section */
		8023FAD027A9CB8D006773D0 /* PBXTargetDependency */ = {
			isa = PBXTargetDependency;
			productRef = 8023FACF27A9CB8D006773D0 /* FirebaseAnalytics */;
		};
		8023FAD227A9CB8D006773D0 /* PBXTargetDependency */ = {
			isa = PBXTargetDependency;
			productRef = 8023FAD127A9CB8D006773D0 /* FirebaseAnalyticsSwift-Beta */;
		};
		8023FAD427A9CB8D006773D0 /* PBXTargetDependency */ = {
			isa = PBXTargetDependency;
			productRef = 8023FAD327A9CB8D006773D0 /* FirebaseAnalyticsWithoutAdIdSupport */;
		};
		8023FAD627A9CB8D006773D0 /* PBXTargetDependency */ = {
			isa = PBXTargetDependency;
			productRef = 8023FAD527A9CB8D006773D0 /* FirebaseAppCheck */;
		};
		8023FAD827A9CB8D006773D0 /* PBXTargetDependency */ = {
			isa = PBXTargetDependency;
			productRef = 8023FAD727A9CB8D006773D0 /* FirebaseAppDistribution-Beta */;
		};
		8023FADA27A9CB8D006773D0 /* PBXTargetDependency */ = {
			isa = PBXTargetDependency;
			productRef = 8023FAD927A9CB8D006773D0 /* FirebaseAuth */;
		};
		8023FADC27A9CB8D006773D0 /* PBXTargetDependency */ = {
			isa = PBXTargetDependency;
			productRef = 8023FADB27A9CB8D006773D0 /* FirebaseAuthCombine-Community */;
		};
		8023FADE27A9CB8D006773D0 /* PBXTargetDependency */ = {
			isa = PBXTargetDependency;
			productRef = 8023FADD27A9CB8D006773D0 /* FirebaseCrashlytics */;
		};
		8023FAE027A9CB8D006773D0 /* PBXTargetDependency */ = {
			isa = PBXTargetDependency;
			productRef = 8023FADF27A9CB8D006773D0 /* FirebaseDatabase */;
		};
		8023FAE227A9CB8D006773D0 /* PBXTargetDependency */ = {
			isa = PBXTargetDependency;
			productRef = 8023FAE127A9CB8D006773D0 /* FirebaseDatabaseSwift-Beta */;
		};
		8023FAE427A9CB8D006773D0 /* PBXTargetDependency */ = {
			isa = PBXTargetDependency;
			productRef = 8023FAE327A9CB8D006773D0 /* FirebaseDynamicLinks */;
		};
		8023FAE627A9CB8D006773D0 /* PBXTargetDependency */ = {
			isa = PBXTargetDependency;
			productRef = 8023FAE527A9CB8D006773D0 /* FirebaseFirestore */;
		};
		8023FAE827A9CB8D006773D0 /* PBXTargetDependency */ = {
			isa = PBXTargetDependency;
			productRef = 8023FAE727A9CB8D006773D0 /* FirebaseFirestoreCombine-Community */;
		};
		8023FAEA27A9CB8D006773D0 /* PBXTargetDependency */ = {
			isa = PBXTargetDependency;
			productRef = 8023FAE927A9CB8D006773D0 /* FirebaseFirestoreSwift-Beta */;
		};
		8023FAEC27A9CB8D006773D0 /* PBXTargetDependency */ = {
			isa = PBXTargetDependency;
			productRef = 8023FAEB27A9CB8D006773D0 /* FirebaseFunctions */;
		};
		8023FAEE27A9CB8D006773D0 /* PBXTargetDependency */ = {
			isa = PBXTargetDependency;
			productRef = 8023FAED27A9CB8D006773D0 /* FirebaseFunctionsCombine-Community */;
		};
		8023FAF027A9CB8D006773D0 /* PBXTargetDependency */ = {
			isa = PBXTargetDependency;
			productRef = 8023FAEF27A9CB8D006773D0 /* FirebaseInAppMessaging-Beta */;
		};
		8023FAF227A9CB8D006773D0 /* PBXTargetDependency */ = {
			isa = PBXTargetDependency;
			productRef = 8023FAF127A9CB8D006773D0 /* FirebaseInAppMessagingSwift-Beta */;
		};
		8023FAF427A9CB8D006773D0 /* PBXTargetDependency */ = {
			isa = PBXTargetDependency;
			productRef = 8023FAF327A9CB8D006773D0 /* FirebaseInstallations */;
		};
		8023FAF627A9CB8D006773D0 /* PBXTargetDependency */ = {
			isa = PBXTargetDependency;
			productRef = 8023FAF527A9CB8D006773D0 /* FirebaseMLModelDownloader */;
		};
		8023FAF827A9CB8D006773D0 /* PBXTargetDependency */ = {
			isa = PBXTargetDependency;
			productRef = 8023FAF727A9CB8D006773D0 /* FirebaseMessaging */;
		};
		8023FAFA27A9CB8D006773D0 /* PBXTargetDependency */ = {
			isa = PBXTargetDependency;
			productRef = 8023FAF927A9CB8D006773D0 /* FirebasePerformance */;
		};
		8023FAFC27A9CB8D006773D0 /* PBXTargetDependency */ = {
			isa = PBXTargetDependency;
			productRef = 8023FAFB27A9CB8D006773D0 /* FirebaseRemoteConfig */;
		};
		8023FAFE27A9CB8D006773D0 /* PBXTargetDependency */ = {
			isa = PBXTargetDependency;
			productRef = 8023FAFD27A9CB8D006773D0 /* FirebaseStorage */;
		};
		8023FB0027A9CB8D006773D0 /* PBXTargetDependency */ = {
			isa = PBXTargetDependency;
			productRef = 8023FAFF27A9CB8D006773D0 /* FirebaseStorageCombine-Community */;
		};
		8023FB0227A9CB8D006773D0 /* PBXTargetDependency */ = {
			isa = PBXTargetDependency;
			productRef = 8023FB0127A9CB8D006773D0 /* FirebaseStorageSwift-Beta */;
		};
		8023FB0427A9CB8D006773D0 /* PBXTargetDependency */ = {
			isa = PBXTargetDependency;
			productRef = 8023FB0327A9CB8D006773D0 /* SkeletonView */;
		};
		8023FB0A27A9CB8D006773D0 /* PBXTargetDependency */ = {
			isa = PBXTargetDependency;
			productRef = 8023FB0927A9CB8D006773D0 /* MessageKit */;
		};
		8023FB0C27A9CB8D006773D0 /* PBXTargetDependency */ = {
			isa = PBXTargetDependency;
			productRef = 8023FB0B27A9CB8D006773D0 /* JGProgressHUD */;
		};
		8023FB0E27A9CB8D006773D0 /* PBXTargetDependency */ = {
			isa = PBXTargetDependency;
			productRef = 8023FB0D27A9CB8D006773D0 /* SDWebImage */;
		};
		8023FB1027A9CB8D006773D0 /* PBXTargetDependency */ = {
			isa = PBXTargetDependency;
			productRef = 8023FB0F27A9CB8D006773D0 /* SDWebImageMapKit */;
		};
/* End PBXTargetDependency section */

/* Begin PBXVariantGroup section */
		80A8933527A8014900CE83AB /* Main.storyboard */ = {
			isa = PBXVariantGroup;
			children = (
				80A8933627A8014900CE83AB /* Base */,
				C07DC91D27BBF13600C44329 /* zh-Hans */,
				C07DC92427BBF54300C44329 /* tr */,
			);
			name = Main.storyboard;
			sourceTree = "<group>";
		};
		C07DC92227BBF17D00C44329 /* Localizable.strings */ = {
			isa = PBXVariantGroup;
			children = (
				C07DC92127BBF17D00C44329 /* en */,
				C07DC92327BBF17E00C44329 /* zh-Hans */,
				C07DC92527BBF54A00C44329 /* tr */,
			);
			name = Localizable.strings;
			sourceTree = "<group>";
		};
/* End PBXVariantGroup section */

/* Begin XCBuildConfiguration section */
		80D9B0A426FC9251001EB6BD /* Debug */ = {
			isa = XCBuildConfiguration;
			buildSettings = {
				ALWAYS_SEARCH_USER_PATHS = NO;
				CLANG_ANALYZER_LOCALIZABILITY_NONLOCALIZED = YES;
				CLANG_ANALYZER_NONNULL = YES;
				CLANG_ANALYZER_NUMBER_OBJECT_CONVERSION = YES_AGGRESSIVE;
				CLANG_CXX_LANGUAGE_STANDARD = "gnu++14";
				CLANG_CXX_LIBRARY = "libc++";
				CLANG_ENABLE_MODULES = YES;
				CLANG_ENABLE_OBJC_ARC = YES;
				CLANG_ENABLE_OBJC_WEAK = YES;
				CLANG_WARN_BLOCK_CAPTURE_AUTORELEASING = YES;
				CLANG_WARN_BOOL_CONVERSION = YES;
				CLANG_WARN_COMMA = YES;
				CLANG_WARN_CONSTANT_CONVERSION = YES;
				CLANG_WARN_DEPRECATED_OBJC_IMPLEMENTATIONS = YES;
				CLANG_WARN_DIRECT_OBJC_ISA_USAGE = YES_ERROR;
				CLANG_WARN_DOCUMENTATION_COMMENTS = YES;
				CLANG_WARN_EMPTY_BODY = YES;
				CLANG_WARN_ENUM_CONVERSION = YES;
				CLANG_WARN_INFINITE_RECURSION = YES;
				CLANG_WARN_INT_CONVERSION = YES;
				CLANG_WARN_NON_LITERAL_NULL_CONVERSION = YES;
				CLANG_WARN_OBJC_IMPLICIT_RETAIN_SELF = YES;
				CLANG_WARN_OBJC_LITERAL_CONVERSION = YES;
				CLANG_WARN_OBJC_ROOT_CLASS = YES_ERROR;
				CLANG_WARN_QUOTED_INCLUDE_IN_FRAMEWORK_HEADER = YES;
				CLANG_WARN_RANGE_LOOP_ANALYSIS = YES;
				CLANG_WARN_STRICT_PROTOTYPES = YES;
				CLANG_WARN_SUSPICIOUS_MOVE = YES;
				CLANG_WARN_UNGUARDED_AVAILABILITY = YES_AGGRESSIVE;
				CLANG_WARN_UNREACHABLE_CODE = YES;
				CLANG_WARN__DUPLICATE_METHOD_MATCH = YES;
				COPY_PHASE_STRIP = NO;
				DEBUG_INFORMATION_FORMAT = dwarf;
				ENABLE_STRICT_OBJC_MSGSEND = YES;
				ENABLE_TESTABILITY = YES;
				GCC_C_LANGUAGE_STANDARD = gnu11;
				GCC_DYNAMIC_NO_PIC = NO;
				GCC_NO_COMMON_BLOCKS = YES;
				GCC_OPTIMIZATION_LEVEL = 0;
				GCC_PREPROCESSOR_DEFINITIONS = (
					"DEBUG=1",
					"$(inherited)",
				);
				GCC_WARN_64_TO_32_BIT_CONVERSION = YES;
				GCC_WARN_ABOUT_RETURN_TYPE = YES_ERROR;
				GCC_WARN_UNDECLARED_SELECTOR = YES;
				GCC_WARN_UNINITIALIZED_AUTOS = YES_AGGRESSIVE;
				GCC_WARN_UNUSED_FUNCTION = YES;
				GCC_WARN_UNUSED_VARIABLE = YES;
				IPHONEOS_DEPLOYMENT_TARGET = 14.5;
				MTL_ENABLE_DEBUG_INFO = INCLUDE_SOURCE;
				MTL_FAST_MATH = YES;
				ONLY_ACTIVE_ARCH = YES;
				SDKROOT = iphoneos;
				SWIFT_ACTIVE_COMPILATION_CONDITIONS = DEBUG;
				SWIFT_OPTIMIZATION_LEVEL = "-Onone";
			};
			name = Debug;
		};
		80D9B0A526FC9251001EB6BD /* Release */ = {
			isa = XCBuildConfiguration;
			buildSettings = {
				ALWAYS_SEARCH_USER_PATHS = NO;
				CLANG_ANALYZER_LOCALIZABILITY_NONLOCALIZED = YES;
				CLANG_ANALYZER_NONNULL = YES;
				CLANG_ANALYZER_NUMBER_OBJECT_CONVERSION = YES_AGGRESSIVE;
				CLANG_CXX_LANGUAGE_STANDARD = "gnu++14";
				CLANG_CXX_LIBRARY = "libc++";
				CLANG_ENABLE_MODULES = YES;
				CLANG_ENABLE_OBJC_ARC = YES;
				CLANG_ENABLE_OBJC_WEAK = YES;
				CLANG_WARN_BLOCK_CAPTURE_AUTORELEASING = YES;
				CLANG_WARN_BOOL_CONVERSION = YES;
				CLANG_WARN_COMMA = YES;
				CLANG_WARN_CONSTANT_CONVERSION = YES;
				CLANG_WARN_DEPRECATED_OBJC_IMPLEMENTATIONS = YES;
				CLANG_WARN_DIRECT_OBJC_ISA_USAGE = YES_ERROR;
				CLANG_WARN_DOCUMENTATION_COMMENTS = YES;
				CLANG_WARN_EMPTY_BODY = YES;
				CLANG_WARN_ENUM_CONVERSION = YES;
				CLANG_WARN_INFINITE_RECURSION = YES;
				CLANG_WARN_INT_CONVERSION = YES;
				CLANG_WARN_NON_LITERAL_NULL_CONVERSION = YES;
				CLANG_WARN_OBJC_IMPLICIT_RETAIN_SELF = YES;
				CLANG_WARN_OBJC_LITERAL_CONVERSION = YES;
				CLANG_WARN_OBJC_ROOT_CLASS = YES_ERROR;
				CLANG_WARN_QUOTED_INCLUDE_IN_FRAMEWORK_HEADER = YES;
				CLANG_WARN_RANGE_LOOP_ANALYSIS = YES;
				CLANG_WARN_STRICT_PROTOTYPES = YES;
				CLANG_WARN_SUSPICIOUS_MOVE = YES;
				CLANG_WARN_UNGUARDED_AVAILABILITY = YES_AGGRESSIVE;
				CLANG_WARN_UNREACHABLE_CODE = YES;
				CLANG_WARN__DUPLICATE_METHOD_MATCH = YES;
				COPY_PHASE_STRIP = NO;
				DEBUG_INFORMATION_FORMAT = "dwarf-with-dsym";
				ENABLE_NS_ASSERTIONS = NO;
				ENABLE_STRICT_OBJC_MSGSEND = YES;
				GCC_C_LANGUAGE_STANDARD = gnu11;
				GCC_NO_COMMON_BLOCKS = YES;
				GCC_WARN_64_TO_32_BIT_CONVERSION = YES;
				GCC_WARN_ABOUT_RETURN_TYPE = YES_ERROR;
				GCC_WARN_UNDECLARED_SELECTOR = YES;
				GCC_WARN_UNINITIALIZED_AUTOS = YES_AGGRESSIVE;
				GCC_WARN_UNUSED_FUNCTION = YES;
				GCC_WARN_UNUSED_VARIABLE = YES;
				IPHONEOS_DEPLOYMENT_TARGET = 14.5;
				MTL_ENABLE_DEBUG_INFO = NO;
				MTL_FAST_MATH = YES;
				SDKROOT = iphoneos;
				SWIFT_COMPILATION_MODE = wholemodule;
				SWIFT_OPTIMIZATION_LEVEL = "-O";
				VALIDATE_PRODUCT = YES;
			};
			name = Release;
		};
		80D9B0A726FC9251001EB6BD /* Debug */ = {
			isa = XCBuildConfiguration;
			baseConfigurationReference = 07EB3A0D96B15D188E5AB86C /* Pods-RoadBuddy.debug.xcconfig */;
			buildSettings = {
				ASSETCATALOG_COMPILER_APPICON_NAME = AppIcon;
				ASSETCATALOG_COMPILER_GLOBAL_ACCENT_COLOR_NAME = AccentColor;
				CODE_SIGN_STYLE = Automatic;
				DEVELOPMENT_TEAM = G789X37L59;
				INFOPLIST_FILE = RoadBuddy/Info.plist;
				LD_RUNPATH_SEARCH_PATHS = (
					"$(inherited)",
					"@executable_path/Frameworks",
				);
				PRODUCT_BUNDLE_IDENTIFIER = "Nusret-Ali-Kizilaslan.RoadBuddy";
				PRODUCT_NAME = "$(TARGET_NAME)";
				SWIFT_VERSION = 5.0;
				TARGETED_DEVICE_FAMILY = "1,2";
			};
			name = Debug;
		};
		80D9B0A826FC9251001EB6BD /* Release */ = {
			isa = XCBuildConfiguration;
			baseConfigurationReference = 348D7082296F1E38F77D0A60 /* Pods-RoadBuddy.release.xcconfig */;
			buildSettings = {
				ASSETCATALOG_COMPILER_APPICON_NAME = AppIcon;
				ASSETCATALOG_COMPILER_GLOBAL_ACCENT_COLOR_NAME = AccentColor;
				CODE_SIGN_STYLE = Automatic;
				DEVELOPMENT_TEAM = G789X37L59;
				INFOPLIST_FILE = RoadBuddy/Info.plist;
				LD_RUNPATH_SEARCH_PATHS = (
					"$(inherited)",
					"@executable_path/Frameworks",
				);
				PRODUCT_BUNDLE_IDENTIFIER = "Nusret-Ali-Kizilaslan.RoadBuddy";
				PRODUCT_NAME = "$(TARGET_NAME)";
				SWIFT_VERSION = 5.0;
				TARGETED_DEVICE_FAMILY = "1,2";
			};
			name = Release;
		};
/* End XCBuildConfiguration section */

/* Begin XCConfigurationList section */
		80D9B08D26FC9249001EB6BD /* Build configuration list for PBXProject "RoadBuddy" */ = {
			isa = XCConfigurationList;
			buildConfigurations = (
				80D9B0A426FC9251001EB6BD /* Debug */,
				80D9B0A526FC9251001EB6BD /* Release */,
			);
			defaultConfigurationIsVisible = 0;
			defaultConfigurationName = Release;
		};
		80D9B0A626FC9251001EB6BD /* Build configuration list for PBXNativeTarget "RoadBuddy" */ = {
			isa = XCConfigurationList;
			buildConfigurations = (
				80D9B0A726FC9251001EB6BD /* Debug */,
				80D9B0A826FC9251001EB6BD /* Release */,
			);
			defaultConfigurationIsVisible = 0;
			defaultConfigurationName = Release;
		};
/* End XCConfigurationList section */

/* Begin XCRemoteSwiftPackageReference section */
		8073AA202775CCCD007457FD /* XCRemoteSwiftPackageReference "SkeletonView" */ = {
			isa = XCRemoteSwiftPackageReference;
			repositoryURL = "https://github.com/Juanpe/SkeletonView.git";
			requirement = {
				kind = upToNextMajorVersion;
				minimumVersion = 1.0.0;
			};
		};
		8075BACB27A6EE140064CCB7 /* XCRemoteSwiftPackageReference "MessageKit" */ = {
			isa = XCRemoteSwiftPackageReference;
			repositoryURL = "https://github.com/MessageKit/MessageKit";
			requirement = {
				branch = master;
				kind = branch;
			};
		};
		8075BACE27A6EE990064CCB7 /* XCRemoteSwiftPackageReference "JGProgressHUD" */ = {
			isa = XCRemoteSwiftPackageReference;
			repositoryURL = "https://github.com/JonasGessner/JGProgressHUD.git";
			requirement = {
				kind = upToNextMajorVersion;
				minimumVersion = 2.0.0;
			};
		};
		8075BAD127A6EF020064CCB7 /* XCRemoteSwiftPackageReference "SDWebImage" */ = {
			isa = XCRemoteSwiftPackageReference;
			repositoryURL = "https://github.com/SDWebImage/SDWebImage.git";
			requirement = {
				kind = upToNextMajorVersion;
				minimumVersion = 5.0.0;
			};
		};
		8076F136275AAF2D00BC6EB2 /* XCRemoteSwiftPackageReference "firebase-ios-sdk" */ = {
			isa = XCRemoteSwiftPackageReference;
			repositoryURL = "https://github.com/firebase/firebase-ios-sdk";
			requirement = {
				kind = upToNextMajorVersion;
				minimumVersion = 8.0.0;
			};
		};
/* End XCRemoteSwiftPackageReference section */

/* Begin XCSwiftPackageProductDependency section */
		8023FACF27A9CB8D006773D0 /* FirebaseAnalytics */ = {
			isa = XCSwiftPackageProductDependency;
			package = 8076F136275AAF2D00BC6EB2 /* XCRemoteSwiftPackageReference "firebase-ios-sdk" */;
			productName = FirebaseAnalytics;
		};
		8023FAD127A9CB8D006773D0 /* FirebaseAnalyticsSwift-Beta */ = {
			isa = XCSwiftPackageProductDependency;
			package = 8076F136275AAF2D00BC6EB2 /* XCRemoteSwiftPackageReference "firebase-ios-sdk" */;
			productName = "FirebaseAnalyticsSwift-Beta";
		};
		8023FAD327A9CB8D006773D0 /* FirebaseAnalyticsWithoutAdIdSupport */ = {
			isa = XCSwiftPackageProductDependency;
			package = 8076F136275AAF2D00BC6EB2 /* XCRemoteSwiftPackageReference "firebase-ios-sdk" */;
			productName = FirebaseAnalyticsWithoutAdIdSupport;
		};
		8023FAD527A9CB8D006773D0 /* FirebaseAppCheck */ = {
			isa = XCSwiftPackageProductDependency;
			package = 8076F136275AAF2D00BC6EB2 /* XCRemoteSwiftPackageReference "firebase-ios-sdk" */;
			productName = FirebaseAppCheck;
		};
		8023FAD727A9CB8D006773D0 /* FirebaseAppDistribution-Beta */ = {
			isa = XCSwiftPackageProductDependency;
			package = 8076F136275AAF2D00BC6EB2 /* XCRemoteSwiftPackageReference "firebase-ios-sdk" */;
			productName = "FirebaseAppDistribution-Beta";
		};
		8023FAD927A9CB8D006773D0 /* FirebaseAuth */ = {
			isa = XCSwiftPackageProductDependency;
			package = 8076F136275AAF2D00BC6EB2 /* XCRemoteSwiftPackageReference "firebase-ios-sdk" */;
			productName = FirebaseAuth;
		};
		8023FADB27A9CB8D006773D0 /* FirebaseAuthCombine-Community */ = {
			isa = XCSwiftPackageProductDependency;
			package = 8076F136275AAF2D00BC6EB2 /* XCRemoteSwiftPackageReference "firebase-ios-sdk" */;
			productName = "FirebaseAuthCombine-Community";
		};
		8023FADD27A9CB8D006773D0 /* FirebaseCrashlytics */ = {
			isa = XCSwiftPackageProductDependency;
			package = 8076F136275AAF2D00BC6EB2 /* XCRemoteSwiftPackageReference "firebase-ios-sdk" */;
			productName = FirebaseCrashlytics;
		};
		8023FADF27A9CB8D006773D0 /* FirebaseDatabase */ = {
			isa = XCSwiftPackageProductDependency;
			package = 8076F136275AAF2D00BC6EB2 /* XCRemoteSwiftPackageReference "firebase-ios-sdk" */;
			productName = FirebaseDatabase;
		};
		8023FAE127A9CB8D006773D0 /* FirebaseDatabaseSwift-Beta */ = {
			isa = XCSwiftPackageProductDependency;
			package = 8076F136275AAF2D00BC6EB2 /* XCRemoteSwiftPackageReference "firebase-ios-sdk" */;
			productName = "FirebaseDatabaseSwift-Beta";
		};
		8023FAE327A9CB8D006773D0 /* FirebaseDynamicLinks */ = {
			isa = XCSwiftPackageProductDependency;
			package = 8076F136275AAF2D00BC6EB2 /* XCRemoteSwiftPackageReference "firebase-ios-sdk" */;
			productName = FirebaseDynamicLinks;
		};
		8023FAE527A9CB8D006773D0 /* FirebaseFirestore */ = {
			isa = XCSwiftPackageProductDependency;
			package = 8076F136275AAF2D00BC6EB2 /* XCRemoteSwiftPackageReference "firebase-ios-sdk" */;
			productName = FirebaseFirestore;
		};
		8023FAE727A9CB8D006773D0 /* FirebaseFirestoreCombine-Community */ = {
			isa = XCSwiftPackageProductDependency;
			package = 8076F136275AAF2D00BC6EB2 /* XCRemoteSwiftPackageReference "firebase-ios-sdk" */;
			productName = "FirebaseFirestoreCombine-Community";
		};
		8023FAE927A9CB8D006773D0 /* FirebaseFirestoreSwift-Beta */ = {
			isa = XCSwiftPackageProductDependency;
			package = 8076F136275AAF2D00BC6EB2 /* XCRemoteSwiftPackageReference "firebase-ios-sdk" */;
			productName = "FirebaseFirestoreSwift-Beta";
		};
		8023FAEB27A9CB8D006773D0 /* FirebaseFunctions */ = {
			isa = XCSwiftPackageProductDependency;
			package = 8076F136275AAF2D00BC6EB2 /* XCRemoteSwiftPackageReference "firebase-ios-sdk" */;
			productName = FirebaseFunctions;
		};
		8023FAED27A9CB8D006773D0 /* FirebaseFunctionsCombine-Community */ = {
			isa = XCSwiftPackageProductDependency;
			package = 8076F136275AAF2D00BC6EB2 /* XCRemoteSwiftPackageReference "firebase-ios-sdk" */;
			productName = "FirebaseFunctionsCombine-Community";
		};
		8023FAEF27A9CB8D006773D0 /* FirebaseInAppMessaging-Beta */ = {
			isa = XCSwiftPackageProductDependency;
			package = 8076F136275AAF2D00BC6EB2 /* XCRemoteSwiftPackageReference "firebase-ios-sdk" */;
			productName = "FirebaseInAppMessaging-Beta";
		};
		8023FAF127A9CB8D006773D0 /* FirebaseInAppMessagingSwift-Beta */ = {
			isa = XCSwiftPackageProductDependency;
			package = 8076F136275AAF2D00BC6EB2 /* XCRemoteSwiftPackageReference "firebase-ios-sdk" */;
			productName = "FirebaseInAppMessagingSwift-Beta";
		};
		8023FAF327A9CB8D006773D0 /* FirebaseInstallations */ = {
			isa = XCSwiftPackageProductDependency;
			package = 8076F136275AAF2D00BC6EB2 /* XCRemoteSwiftPackageReference "firebase-ios-sdk" */;
			productName = FirebaseInstallations;
		};
		8023FAF527A9CB8D006773D0 /* FirebaseMLModelDownloader */ = {
			isa = XCSwiftPackageProductDependency;
			package = 8076F136275AAF2D00BC6EB2 /* XCRemoteSwiftPackageReference "firebase-ios-sdk" */;
			productName = FirebaseMLModelDownloader;
		};
		8023FAF727A9CB8D006773D0 /* FirebaseMessaging */ = {
			isa = XCSwiftPackageProductDependency;
			package = 8076F136275AAF2D00BC6EB2 /* XCRemoteSwiftPackageReference "firebase-ios-sdk" */;
			productName = FirebaseMessaging;
		};
		8023FAF927A9CB8D006773D0 /* FirebasePerformance */ = {
			isa = XCSwiftPackageProductDependency;
			package = 8076F136275AAF2D00BC6EB2 /* XCRemoteSwiftPackageReference "firebase-ios-sdk" */;
			productName = FirebasePerformance;
		};
		8023FAFB27A9CB8D006773D0 /* FirebaseRemoteConfig */ = {
			isa = XCSwiftPackageProductDependency;
			package = 8076F136275AAF2D00BC6EB2 /* XCRemoteSwiftPackageReference "firebase-ios-sdk" */;
			productName = FirebaseRemoteConfig;
		};
		8023FAFD27A9CB8D006773D0 /* FirebaseStorage */ = {
			isa = XCSwiftPackageProductDependency;
			package = 8076F136275AAF2D00BC6EB2 /* XCRemoteSwiftPackageReference "firebase-ios-sdk" */;
			productName = FirebaseStorage;
		};
		8023FAFF27A9CB8D006773D0 /* FirebaseStorageCombine-Community */ = {
			isa = XCSwiftPackageProductDependency;
			package = 8076F136275AAF2D00BC6EB2 /* XCRemoteSwiftPackageReference "firebase-ios-sdk" */;
			productName = "FirebaseStorageCombine-Community";
		};
		8023FB0127A9CB8D006773D0 /* FirebaseStorageSwift-Beta */ = {
			isa = XCSwiftPackageProductDependency;
			package = 8076F136275AAF2D00BC6EB2 /* XCRemoteSwiftPackageReference "firebase-ios-sdk" */;
			productName = "FirebaseStorageSwift-Beta";
		};
		8023FB0327A9CB8D006773D0 /* SkeletonView */ = {
			isa = XCSwiftPackageProductDependency;
			package = 8073AA202775CCCD007457FD /* XCRemoteSwiftPackageReference "SkeletonView" */;
			productName = SkeletonView;
		};
		8023FB0927A9CB8D006773D0 /* MessageKit */ = {
			isa = XCSwiftPackageProductDependency;
			package = 8075BACB27A6EE140064CCB7 /* XCRemoteSwiftPackageReference "MessageKit" */;
			productName = MessageKit;
		};
		8023FB0B27A9CB8D006773D0 /* JGProgressHUD */ = {
			isa = XCSwiftPackageProductDependency;
			package = 8075BACE27A6EE990064CCB7 /* XCRemoteSwiftPackageReference "JGProgressHUD" */;
			productName = JGProgressHUD;
		};
		8023FB0D27A9CB8D006773D0 /* SDWebImage */ = {
			isa = XCSwiftPackageProductDependency;
			package = 8075BAD127A6EF020064CCB7 /* XCRemoteSwiftPackageReference "SDWebImage" */;
			productName = SDWebImage;
		};
		8023FB0F27A9CB8D006773D0 /* SDWebImageMapKit */ = {
			isa = XCSwiftPackageProductDependency;
			package = 8075BAD127A6EF020064CCB7 /* XCRemoteSwiftPackageReference "SDWebImage" */;
			productName = SDWebImageMapKit;
		};
		8073AA212775CCCD007457FD /* SkeletonView */ = {
			isa = XCSwiftPackageProductDependency;
			package = 8073AA202775CCCD007457FD /* XCRemoteSwiftPackageReference "SkeletonView" */;
			productName = SkeletonView;
		};
		8075BACC27A6EE140064CCB7 /* MessageKit */ = {
			isa = XCSwiftPackageProductDependency;
			package = 8075BACB27A6EE140064CCB7 /* XCRemoteSwiftPackageReference "MessageKit" */;
			productName = MessageKit;
		};
		8075BACF27A6EE9A0064CCB7 /* JGProgressHUD */ = {
			isa = XCSwiftPackageProductDependency;
			package = 8075BACE27A6EE990064CCB7 /* XCRemoteSwiftPackageReference "JGProgressHUD" */;
			productName = JGProgressHUD;
		};
		8075BAD227A6EF020064CCB7 /* SDWebImage */ = {
			isa = XCSwiftPackageProductDependency;
			package = 8075BAD127A6EF020064CCB7 /* XCRemoteSwiftPackageReference "SDWebImage" */;
			productName = SDWebImage;
		};
		8075BAD427A6EF020064CCB7 /* SDWebImageMapKit */ = {
			isa = XCSwiftPackageProductDependency;
			package = 8075BAD127A6EF020064CCB7 /* XCRemoteSwiftPackageReference "SDWebImage" */;
			productName = SDWebImageMapKit;
		};
		8076F137275AAF2D00BC6EB2 /* FirebaseAnalytics */ = {
			isa = XCSwiftPackageProductDependency;
			package = 8076F136275AAF2D00BC6EB2 /* XCRemoteSwiftPackageReference "firebase-ios-sdk" */;
			productName = FirebaseAnalytics;
		};
		8076F139275AAF2D00BC6EB2 /* FirebaseAnalyticsSwift-Beta */ = {
			isa = XCSwiftPackageProductDependency;
			package = 8076F136275AAF2D00BC6EB2 /* XCRemoteSwiftPackageReference "firebase-ios-sdk" */;
			productName = "FirebaseAnalyticsSwift-Beta";
		};
		8076F13B275AAF2D00BC6EB2 /* FirebaseAnalyticsWithoutAdIdSupport */ = {
			isa = XCSwiftPackageProductDependency;
			package = 8076F136275AAF2D00BC6EB2 /* XCRemoteSwiftPackageReference "firebase-ios-sdk" */;
			productName = FirebaseAnalyticsWithoutAdIdSupport;
		};
		8076F13D275AAF2D00BC6EB2 /* FirebaseAppCheck */ = {
			isa = XCSwiftPackageProductDependency;
			package = 8076F136275AAF2D00BC6EB2 /* XCRemoteSwiftPackageReference "firebase-ios-sdk" */;
			productName = FirebaseAppCheck;
		};
		8076F13F275AAF2D00BC6EB2 /* FirebaseAppDistribution-Beta */ = {
			isa = XCSwiftPackageProductDependency;
			package = 8076F136275AAF2D00BC6EB2 /* XCRemoteSwiftPackageReference "firebase-ios-sdk" */;
			productName = "FirebaseAppDistribution-Beta";
		};
		8076F141275AAF2D00BC6EB2 /* FirebaseAuth */ = {
			isa = XCSwiftPackageProductDependency;
			package = 8076F136275AAF2D00BC6EB2 /* XCRemoteSwiftPackageReference "firebase-ios-sdk" */;
			productName = FirebaseAuth;
		};
		8076F143275AAF2D00BC6EB2 /* FirebaseAuthCombine-Community */ = {
			isa = XCSwiftPackageProductDependency;
			package = 8076F136275AAF2D00BC6EB2 /* XCRemoteSwiftPackageReference "firebase-ios-sdk" */;
			productName = "FirebaseAuthCombine-Community";
		};
		8076F145275AAF2D00BC6EB2 /* FirebaseCrashlytics */ = {
			isa = XCSwiftPackageProductDependency;
			package = 8076F136275AAF2D00BC6EB2 /* XCRemoteSwiftPackageReference "firebase-ios-sdk" */;
			productName = FirebaseCrashlytics;
		};
		8076F147275AAF2D00BC6EB2 /* FirebaseDatabase */ = {
			isa = XCSwiftPackageProductDependency;
			package = 8076F136275AAF2D00BC6EB2 /* XCRemoteSwiftPackageReference "firebase-ios-sdk" */;
			productName = FirebaseDatabase;
		};
		8076F149275AAF2D00BC6EB2 /* FirebaseDatabaseSwift-Beta */ = {
			isa = XCSwiftPackageProductDependency;
			package = 8076F136275AAF2D00BC6EB2 /* XCRemoteSwiftPackageReference "firebase-ios-sdk" */;
			productName = "FirebaseDatabaseSwift-Beta";
		};
		8076F14B275AAF2D00BC6EB2 /* FirebaseDynamicLinks */ = {
			isa = XCSwiftPackageProductDependency;
			package = 8076F136275AAF2D00BC6EB2 /* XCRemoteSwiftPackageReference "firebase-ios-sdk" */;
			productName = FirebaseDynamicLinks;
		};
		8076F14D275AAF2D00BC6EB2 /* FirebaseFirestore */ = {
			isa = XCSwiftPackageProductDependency;
			package = 8076F136275AAF2D00BC6EB2 /* XCRemoteSwiftPackageReference "firebase-ios-sdk" */;
			productName = FirebaseFirestore;
		};
		8076F14F275AAF2D00BC6EB2 /* FirebaseFirestoreCombine-Community */ = {
			isa = XCSwiftPackageProductDependency;
			package = 8076F136275AAF2D00BC6EB2 /* XCRemoteSwiftPackageReference "firebase-ios-sdk" */;
			productName = "FirebaseFirestoreCombine-Community";
		};
		8076F151275AAF2D00BC6EB2 /* FirebaseFirestoreSwift-Beta */ = {
			isa = XCSwiftPackageProductDependency;
			package = 8076F136275AAF2D00BC6EB2 /* XCRemoteSwiftPackageReference "firebase-ios-sdk" */;
			productName = "FirebaseFirestoreSwift-Beta";
		};
		8076F153275AAF2D00BC6EB2 /* FirebaseFunctions */ = {
			isa = XCSwiftPackageProductDependency;
			package = 8076F136275AAF2D00BC6EB2 /* XCRemoteSwiftPackageReference "firebase-ios-sdk" */;
			productName = FirebaseFunctions;
		};
		8076F155275AAF2D00BC6EB2 /* FirebaseFunctionsCombine-Community */ = {
			isa = XCSwiftPackageProductDependency;
			package = 8076F136275AAF2D00BC6EB2 /* XCRemoteSwiftPackageReference "firebase-ios-sdk" */;
			productName = "FirebaseFunctionsCombine-Community";
		};
		8076F157275AAF2E00BC6EB2 /* FirebaseInAppMessaging-Beta */ = {
			isa = XCSwiftPackageProductDependency;
			package = 8076F136275AAF2D00BC6EB2 /* XCRemoteSwiftPackageReference "firebase-ios-sdk" */;
			productName = "FirebaseInAppMessaging-Beta";
		};
		8076F159275AAF2E00BC6EB2 /* FirebaseInAppMessagingSwift-Beta */ = {
			isa = XCSwiftPackageProductDependency;
			package = 8076F136275AAF2D00BC6EB2 /* XCRemoteSwiftPackageReference "firebase-ios-sdk" */;
			productName = "FirebaseInAppMessagingSwift-Beta";
		};
		8076F15B275AAF2E00BC6EB2 /* FirebaseInstallations */ = {
			isa = XCSwiftPackageProductDependency;
			package = 8076F136275AAF2D00BC6EB2 /* XCRemoteSwiftPackageReference "firebase-ios-sdk" */;
			productName = FirebaseInstallations;
		};
		8076F15D275AAF2E00BC6EB2 /* FirebaseMLModelDownloader */ = {
			isa = XCSwiftPackageProductDependency;
			package = 8076F136275AAF2D00BC6EB2 /* XCRemoteSwiftPackageReference "firebase-ios-sdk" */;
			productName = FirebaseMLModelDownloader;
		};
		8076F15F275AAF2E00BC6EB2 /* FirebaseMessaging */ = {
			isa = XCSwiftPackageProductDependency;
			package = 8076F136275AAF2D00BC6EB2 /* XCRemoteSwiftPackageReference "firebase-ios-sdk" */;
			productName = FirebaseMessaging;
		};
		8076F161275AAF2E00BC6EB2 /* FirebasePerformance */ = {
			isa = XCSwiftPackageProductDependency;
			package = 8076F136275AAF2D00BC6EB2 /* XCRemoteSwiftPackageReference "firebase-ios-sdk" */;
			productName = FirebasePerformance;
		};
		8076F163275AAF2E00BC6EB2 /* FirebaseRemoteConfig */ = {
			isa = XCSwiftPackageProductDependency;
			package = 8076F136275AAF2D00BC6EB2 /* XCRemoteSwiftPackageReference "firebase-ios-sdk" */;
			productName = FirebaseRemoteConfig;
		};
		8076F165275AAF2E00BC6EB2 /* FirebaseStorage */ = {
			isa = XCSwiftPackageProductDependency;
			package = 8076F136275AAF2D00BC6EB2 /* XCRemoteSwiftPackageReference "firebase-ios-sdk" */;
			productName = FirebaseStorage;
		};
		8076F167275AAF2E00BC6EB2 /* FirebaseStorageCombine-Community */ = {
			isa = XCSwiftPackageProductDependency;
			package = 8076F136275AAF2D00BC6EB2 /* XCRemoteSwiftPackageReference "firebase-ios-sdk" */;
			productName = "FirebaseStorageCombine-Community";
		};
		8076F169275AAF2E00BC6EB2 /* FirebaseStorageSwift-Beta */ = {
			isa = XCSwiftPackageProductDependency;
			package = 8076F136275AAF2D00BC6EB2 /* XCRemoteSwiftPackageReference "firebase-ios-sdk" */;
			productName = "FirebaseStorageSwift-Beta";
		};
/* End XCSwiftPackageProductDependency section */
	};
	rootObject = 80D9B08A26FC9249001EB6BD /* Project object */;
}
